{
  "originHash" : "f904403a6d80dc0e1e94c4e5cf03eddcc7e2442ec37986bd313433414add0960",
  "pins" : [
    {
      "identity" : "atomic-compat",
      "kind" : "remoteSourceControl",
      "location" : "https://github.com/magnetardev/atomic-compat",
      "state" : {
        "revision" : "fd9db27ebac00f5a0533bbdd3b6ae1984bb706cc",
        "version" : "1.0.0"
      }
    },
    {
      "identity" : "core-mgba",
      "kind" : "remoteSourceControl",
      "location" : "https://github.com/eclipseemu/core-mgba",
      "state" : {
        "branch" : "main",
        "revision" : "df24efbfa8206640c1f7f56534322d8848f87c8d"
      }
    },
    {
      "identity" : "eclipsekit",
      "kind" : "remoteSourceControl",
      "location" : "https://github.com/eclipseemu/eclipsekit.git",
      "state" : {
        "branch" : "main",
        "revision" : "1b30bc0f4c70c58ea5d738aa21bc66be83fcfdec"
      }
    },
    {
      "identity" : "swift-atomics",
      "kind" : "remoteSourceControl",
      "location" : "https://github.com/apple/swift-atomics.git",
      "state" : {
        "revision" : "b601256eab081c0f92f059e12818ac1d4f178ff7",
        "version" : "1.3.0"
      }
    }
  ],
  "version" : 3
}
