{
  "originHash" : "680ba842e2b62f653751e95e1dc578d5665f8e498325ea4bed5cf5d72d8760b5",
  "pins" : [
    {
      "identity" : "core-mgba",
      "kind" : "remoteSourceControl",
      "location" : "https://github.com/eclipseemu/core-mgba.git",
      "state" : {
        "branch" : "main",
        "revision" : "bda39dbe8763a34341d54b50fc3e6095bbdb5e5e"
      }
    },
    {
      "identity" : "eclipsekit",
      "kind" : "remoteSourceControl",
      "location" : "https://github.com/eclipseemu/eclipsekit.git",
      "state" : {
        "branch" : "main",
        "revision" : "daba2fc457ff042c73a9f62e6a831695a54d12c2"
      }
    },
    {
      "identity" : "swift-atomics",
      "kind" : "remoteSourceControl",
      "location" : "https://github.com/apple/swift-atomics.git",
      "state" : {
        "revision" : "cd142fd2f64be2100422d658e7411e39489da985",
        "version" : "1.2.0"
      }
    }
  ],
  "version" : 3
}
