{
  "originHash" : "c786884dd4ea3acac0881001bd3a403b5dde2882a80819001d6a0b3bd83a5250",
  "pins" : [
    {
      "identity" : "core-mgba",
      "kind" : "remoteSourceControl",
      "location" : "https://github.com/eclipseemu/core-mgba.git",
      "state" : {
        "branch" : "main",
        "revision" : "b132fca4c9bf107e7bc984436f901abde4dbd50c"
      }
    },
    {
      "identity" : "eclipsekit",
      "kind" : "remoteSourceControl",
      "location" : "https://github.com/eclipseemu/eclipsekit.git",
      "state" : {
        "branch" : "main",
        "revision" : "9b3edaf2f228a9075fd347bd9fe12283c3121f40"
      }
    },
    {
      "identity" : "swift-atomics",
      "kind" : "remoteSourceControl",
      "location" : "https://github.com/apple/swift-atomics.git",
      "state" : {
        "revision" : "cd142fd2f64be2100422d658e7411e39489da985",
        "version" : "1.2.0"
      }
    }
  ],
  "version" : 3
}
