// !$*UTF8*$!
{
	archiveVersion = 1;
	classes = {
	};
	objectVersion = 56;
	objects = {

/* Begin PBXBuildFile section */
		920BB5DA2BD8988100392FFA /* CompatNavigationStack.swift in Sources */ = {isa = PBXBuildFile; fileRef = 920BB5D92BD8988100392FFA /* CompatNavigationStack.swift */; };
		920BB5DC2BD95D8D00392FFA /* MonotomicClock.swift in Sources */ = {isa = PBXBuildFile; fileRef = 920BB5DB2BD95D8D00392FFA /* MonotomicClock.swift */; };
		92115C302BD33A9E0020D62F /* GameInputCoordinator.swift in Sources */ = {isa = PBXBuildFile; fileRef = 92115C2F2BD33A9E0020D62F /* GameInputCoordinator.swift */; };
		92115C322BD366ED0020D62F /* Box.swift in Sources */ = {isa = PBXBuildFile; fileRef = 92115C312BD366ED0020D62F /* Box.swift */; };
		92115C342BD3F2550020D62F /* ReorderControllersView.swift in Sources */ = {isa = PBXBuildFile; fileRef = 92115C332BD3F2550020D62F /* ReorderControllersView.swift */; };
		92115C362BD435840020D62F /* MessageBlock.swift in Sources */ = {isa = PBXBuildFile; fileRef = 92115C352BD435840020D62F /* MessageBlock.swift */; };
		92115C382BD4C7580020D62F /* GameInput+Extension.swift in Sources */ = {isa = PBXBuildFile; fileRef = 92115C372BD4C7580020D62F /* GameInput+Extension.swift */; };
		92115C3A2BD580F00020D62F /* EclipseKit+Extension.swift in Sources */ = {isa = PBXBuildFile; fileRef = 92115C392BD580F00020D62F /* EclipseKit+Extension.swift */; };
		922358112BE15AF20014BFFA /* EmulationView.swift in Sources */ = {isa = PBXBuildFile; fileRef = 922358102BE15AF20014BFFA /* EmulationView.swift */; };
		922358142BE15ECE0014BFFA /* GameScreenView.swift in Sources */ = {isa = PBXBuildFile; fileRef = 922358132BE15ECE0014BFFA /* GameScreenView.swift */; };
		922358162BE2B8B50014BFFA /* EmulationMenuView.swift in Sources */ = {isa = PBXBuildFile; fileRef = 922358152BE2B8B50014BFFA /* EmulationMenuView.swift */; };
		922D78962BC23D5900695252 /* TouchControlsView.swift in Sources */ = {isa = PBXBuildFile; fileRef = 922D78952BC23D5900695252 /* TouchControlsView.swift */; };
		922F00A52BC0C26600B419D7 /* EclipseEmuApp.swift in Sources */ = {isa = PBXBuildFile; fileRef = 922F00A42BC0C26600B419D7 /* EclipseEmuApp.swift */; };
		922F00AA2BC0C26600B419D7 /* EclipseEmu.xcdatamodeld in Sources */ = {isa = PBXBuildFile; fileRef = 922F00A82BC0C26600B419D7 /* EclipseEmu.xcdatamodeld */; };
		922F00AC2BC0C26600B419D7 /* LibraryView.swift in Sources */ = {isa = PBXBuildFile; fileRef = 922F00AB2BC0C26600B419D7 /* LibraryView.swift */; };
		922F00AE2BC0C26700B419D7 /* Assets.xcassets in Resources */ = {isa = PBXBuildFile; fileRef = 922F00AD2BC0C26700B419D7 /* Assets.xcassets */; };
		922F00B22BC0C26700B419D7 /* Preview Assets.xcassets in Resources */ = {isa = PBXBuildFile; fileRef = 922F00B12BC0C26700B419D7 /* Preview Assets.xcassets */; };
		922F00BC2BC0C26700B419D7 /* EclipseEmuTests.swift in Sources */ = {isa = PBXBuildFile; fileRef = 922F00BB2BC0C26700B419D7 /* EclipseEmuTests.swift */; };
		922F00C62BC0C26700B419D7 /* EclipseEmuUITests.swift in Sources */ = {isa = PBXBuildFile; fileRef = 922F00C52BC0C26700B419D7 /* EclipseEmuUITests.swift */; };
		922F00C82BC0C26700B419D7 /* EclipseEmuUITestsLaunchTests.swift in Sources */ = {isa = PBXBuildFile; fileRef = 922F00C72BC0C26700B419D7 /* EclipseEmuUITestsLaunchTests.swift */; };
		922F00D52BC0C2EB00B419D7 /* System.swift in Sources */ = {isa = PBXBuildFile; fileRef = 922F00D42BC0C2EB00B419D7 /* System.swift */; };
		922F00D92BC0C75000B419D7 /* Game+CoreDataClass.swift in Sources */ = {isa = PBXBuildFile; fileRef = 922F00D72BC0C75000B419D7 /* Game+CoreDataClass.swift */; };
		922F00DA2BC0C75000B419D7 /* Game+CoreDataProperties.swift in Sources */ = {isa = PBXBuildFile; fileRef = 922F00D82BC0C75000B419D7 /* Game+CoreDataProperties.swift */; };
		923E37FD2BC9AE0D00ECC973 /* GameFrameBufferRenderer.swift in Sources */ = {isa = PBXBuildFile; fileRef = 923E37FC2BC9AE0D00ECC973 /* GameFrameBufferRenderer.swift */; };
		923E38012BC9BF0D00ECC973 /* GameCoreCoordinator.swift in Sources */ = {isa = PBXBuildFile; fileRef = 923E38002BC9BF0D00ECC973 /* GameCoreCoordinator.swift */; };
		924B21892BE7F37900ED02F4 /* RingBuffer.swift in Sources */ = {isa = PBXBuildFile; fileRef = 924B21882BE7F37900ED02F4 /* RingBuffer.swift */; };
		924B218C2BE8156700ED02F4 /* Atomics in Frameworks */ = {isa = PBXBuildFile; productRef = 924B218B2BE8156700ED02F4 /* Atomics */; };
		924B218F2BE96A4D00ED02F4 /* mGBAEclipseCore in Frameworks */ = {isa = PBXBuildFile; productRef = 924B218E2BE96A4D00ED02F4 /* mGBAEclipseCore */; };
		924B21902BE97A9000ED02F4 /* mGBAEclipseCore in Embed Frameworks */ = {isa = PBXBuildFile; productRef = 924B218E2BE96A4D00ED02F4 /* mGBAEclipseCore */; settings = {ATTRIBUTES = (CodeSignOnCopy, ); }; };
		9252332D2BE679AE00D46154 /* GameAudio.swift in Sources */ = {isa = PBXBuildFile; fileRef = 9252332C2BE679AE00D46154 /* GameAudio.swift */; };
		925B14EE2BCA487F00AD7257 /* ExpressibleByIntegerLiteral+Extension.swift in Sources */ = {isa = PBXBuildFile; fileRef = 925B14ED2BCA487F00AD7257 /* ExpressibleByIntegerLiteral+Extension.swift */; };
		925B14F02BCACA0900AD7257 /* MTLPixelFormat+Extension.swift in Sources */ = {isa = PBXBuildFile; fileRef = 925B14EF2BCACA0900AD7257 /* MTLPixelFormat+Extension.swift */; };
		9279730C2BE9B3F7008F2FE4 /* CheatsView.swift in Sources */ = {isa = PBXBuildFile; fileRef = 9279730B2BE9B3F7008F2FE4 /* CheatsView.swift */; };
		9279730E2BE9ECA0008F2FE4 /* CharacterSet+Extension.swift in Sources */ = {isa = PBXBuildFile; fileRef = 9279730D2BE9ECA0008F2FE4 /* CharacterSet+Extension.swift */; };
		927973102BEAB373008F2FE4 /* CheatCodeField.swift in Sources */ = {isa = PBXBuildFile; fileRef = 9279730F2BEAB373008F2FE4 /* CheatCodeField.swift */; };
		927973122BEBE6FD008F2FE4 /* String+Extension.swift in Sources */ = {isa = PBXBuildFile; fileRef = 927973112BEBE6FD008F2FE4 /* String+Extension.swift */; };
		927973142BEC4886008F2FE4 /* EditCheatView.swift in Sources */ = {isa = PBXBuildFile; fileRef = 927973132BEC4886008F2FE4 /* EditCheatView.swift */; };
		927973192BEEB6FA008F2FE4 /* LazySplitIterator.swift in Sources */ = {isa = PBXBuildFile; fileRef = 927973182BEEB6FA008F2FE4 /* LazySplitIterator.swift */; };
		9279731B2BEEBA9E008F2FE4 /* CheatFormatter.swift in Sources */ = {isa = PBXBuildFile; fileRef = 9279731A2BEEBA9E008F2FE4 /* CheatFormatter.swift */; };
		9281CCAC2BCC481B00E4FE48 /* HomebrewView.swift in Sources */ = {isa = PBXBuildFile; fileRef = 9281CCAB2BCC481B00E4FE48 /* HomebrewView.swift */; };
		9281CCB02BCDD76F00E4FE48 /* AVAudioCommonFormat+Extension.swift in Sources */ = {isa = PBXBuildFile; fileRef = 9281CCAF2BCDD76F00E4FE48 /* AVAudioCommonFormat+Extension.swift */; };
		928237072BCB77B5001E27B3 /* View+Extension.swift in Sources */ = {isa = PBXBuildFile; fileRef = 928237062BCB77B5001E27B3 /* View+Extension.swift */; };
		92875E9B2BCADDB900EABD63 /* Bundle+Extension.swift in Sources */ = {isa = PBXBuildFile; fileRef = 92875E9A2BCADDB900EABD63 /* Bundle+Extension.swift */; };
		92875E9D2BCAF6EB00EABD63 /* GameCoreRegistry.swift in Sources */ = {isa = PBXBuildFile; fileRef = 92875E9C2BCAF6EB00EABD63 /* GameCoreRegistry.swift */; };
		9294E5D82BC1A77F00B174E1 /* SettingsGeneralView.swift in Sources */ = {isa = PBXBuildFile; fileRef = 9294E5D72BC1A77F00B174E1 /* SettingsGeneralView.swift */; };
		9294E5DA2BC1A91900B174E1 /* SettingsControlsView.swift in Sources */ = {isa = PBXBuildFile; fileRef = 9294E5D92BC1A91900B174E1 /* SettingsControlsView.swift */; };
		9294E5DC2BC1A9AB00B174E1 /* SettingsBackupsView.swift in Sources */ = {isa = PBXBuildFile; fileRef = 9294E5DB2BC1A9AB00B174E1 /* SettingsBackupsView.swift */; };
		9294E5DF2BC1BFB700B174E1 /* SettingsGamepadView.swift in Sources */ = {isa = PBXBuildFile; fileRef = 9294E5DE2BC1BFB700B174E1 /* SettingsGamepadView.swift */; };
		9294E5E32BC1D0BE00B174E1 /* Touch.swift in Sources */ = {isa = PBXBuildFile; fileRef = 9294E5E22BC1D0BE00B174E1 /* Touch.swift */; };
		9294E5E72BC1D6EF00B174E1 /* Gamepad.swift in Sources */ = {isa = PBXBuildFile; fileRef = 9294E5E62BC1D6EF00B174E1 /* Gamepad.swift */; };
		9294E5E92BC1D82000B174E1 /* Bindings.swift in Sources */ = {isa = PBXBuildFile; fileRef = 9294E5E82BC1D82000B174E1 /* Bindings.swift */; };
		9298FEEF2BEEF47400F9881E /* BoxartView.swift in Sources */ = {isa = PBXBuildFile; fileRef = 9298FEEE2BEEF47400F9881E /* BoxartView.swift */; };
		92A5F6122BEF023800DCC338 /* FileStream.swift in Sources */ = {isa = PBXBuildFile; fileRef = 92A5F6112BEF023800DCC338 /* FileStream.swift */; };
		92A5F6142BEF123800DCC338 /* Data+Extension.swift in Sources */ = {isa = PBXBuildFile; fileRef = 92A5F6132BEF123800DCC338 /* Data+Extension.swift */; };
		92A5F6162BEFEFF300DCC338 /* PersistenceCoordinator.swift in Sources */ = {isa = PBXBuildFile; fileRef = 92A5F6152BEFEFF300DCC338 /* PersistenceCoordinator.swift */; };
		92A5F61C2BF0198A00DCC338 /* GameManager.swift in Sources */ = {isa = PBXBuildFile; fileRef = 92A5F61B2BF0198A00DCC338 /* GameManager.swift */; };
		92A5F61E2BF01AE700DCC338 /* BidirectionalCollection+Extension.swift in Sources */ = {isa = PBXBuildFile; fileRef = 92A5F61D2BF01AE700DCC338 /* BidirectionalCollection+Extension.swift */; };
		92A5F6242BF1249D00DCC338 /* ExternalStorage.swift in Sources */ = {isa = PBXBuildFile; fileRef = 92A5F6232BF1249D00DCC338 /* ExternalStorage.swift */; };
		92A5F6272BF1DDCF00DCC338 /* mGBAEclipseCore in Frameworks */ = {isa = PBXBuildFile; productRef = 92A5F6262BF1DDCF00DCC338 /* mGBAEclipseCore */; };
		92A5F62A2BF2600300DCC338 /* EclipseKit in Frameworks */ = {isa = PBXBuildFile; productRef = 92A5F6292BF2600300DCC338 /* EclipseKit */; };
		92A5F62C2BF27BCE00DCC338 /* SaveStatesListView.swift in Sources */ = {isa = PBXBuildFile; fileRef = 92A5F62B2BF27BCE00DCC338 /* SaveStatesListView.swift */; };
		92A5F62F2BF2BA7D00DCC338 /* EclipseKit in Frameworks */ = {isa = PBXBuildFile; productRef = 92A5F62E2BF2BA7D00DCC338 /* EclipseKit */; };
		92A5F6322BF2BA8F00DCC338 /* mGBAEclipseCore in Frameworks */ = {isa = PBXBuildFile; productRef = 92A5F6312BF2BA8F00DCC338 /* mGBAEclipseCore */; };
		92A5F6342BF2BD0A00DCC338 /* SaveStateItem.swift in Sources */ = {isa = PBXBuildFile; fileRef = 92A5F6332BF2BD0A00DCC338 /* SaveStateItem.swift */; };
		92BFB78D2BC188470093B2E3 /* PlayGameAction.swift in Sources */ = {isa = PBXBuildFile; fileRef = 92BFB78C2BC188470093B2E3 /* PlayGameAction.swift */; };
		92BFB7922BC190C30093B2E3 /* AppIconView.swift in Sources */ = {isa = PBXBuildFile; fileRef = 92BFB7912BC190C30093B2E3 /* AppIconView.swift */; };
		92CC9CFF2BC3983A00D668DB /* FrameBuffer.metal in Sources */ = {isa = PBXBuildFile; fileRef = 92CC9CFE2BC3983A00D668DB /* FrameBuffer.metal */; };
		92D5D3722BC0DF1700F1116C /* MD5.swift in Sources */ = {isa = PBXBuildFile; fileRef = 92D5D3712BC0DF1700F1116C /* MD5.swift */; };
		92D5D7222BC0FFC100659C37 /* GameKeepPlayingItem.swift in Sources */ = {isa = PBXBuildFile; fileRef = 92D5D7212BC0FFC100659C37 /* GameKeepPlayingItem.swift */; };
		92D5D7242BC1003B00659C37 /* SectionHeader.swift in Sources */ = {isa = PBXBuildFile; fileRef = 92D5D7232BC1003B00659C37 /* SectionHeader.swift */; };
		92D5D7262BC1007900659C37 /* GameGridItem.swift in Sources */ = {isa = PBXBuildFile; fileRef = 92D5D7252BC1007900659C37 /* GameGridItem.swift */; };
		92D5D7282BC103BC00659C37 /* SettingsView.swift in Sources */ = {isa = PBXBuildFile; fileRef = 92D5D7272BC103BC00659C37 /* SettingsView.swift */; };
		92D5D72B2BC1723700659C37 /* GameView.swift in Sources */ = {isa = PBXBuildFile; fileRef = 92D5D72A2BC1723700659C37 /* GameView.swift */; };
		92D5D7312BC17C2800659C37 /* DismissButton.swift in Sources */ = {isa = PBXBuildFile; fileRef = 92D5D7302BC17C2800659C37 /* DismissButton.swift */; };
		92DFA3D52BC1E5FA0024D3EA /* SettingsEmulationView.swift in Sources */ = {isa = PBXBuildFile; fileRef = 92DFA3D42BC1E5FA0024D3EA /* SettingsEmulationView.swift */; };
/* End PBXBuildFile section */

/* Begin PBXContainerItemProxy section */
		922F00B82BC0C26700B419D7 /* PBXContainerItemProxy */ = {
			isa = PBXContainerItemProxy;
			containerPortal = 922F00992BC0C26600B419D7 /* Project object */;
			proxyType = 1;
			remoteGlobalIDString = 922F00A02BC0C26600B419D7;
			remoteInfo = EclipseEmu;
		};
		922F00C22BC0C26700B419D7 /* PBXContainerItemProxy */ = {
			isa = PBXContainerItemProxy;
			containerPortal = 922F00992BC0C26600B419D7 /* Project object */;
			proxyType = 1;
			remoteGlobalIDString = 922F00A02BC0C26600B419D7;
			remoteInfo = EclipseEmu;
		};
/* End PBXContainerItemProxy section */

/* Begin PBXCopyFilesBuildPhase section */
		92C11CCF2BD7067100BB11A2 /* Embed Frameworks */ = {
			isa = PBXCopyFilesBuildPhase;
			buildActionMask = 2147483647;
			dstPath = "";
			dstSubfolderSpec = 10;
			files = (
				924B21902BE97A9000ED02F4 /* mGBAEclipseCore in Embed Frameworks */,
			);
			name = "Embed Frameworks";
			runOnlyForDeploymentPostprocessing = 0;
		};
/* End PBXCopyFilesBuildPhase section */

/* Begin PBXFileReference section */
		920BB5D92BD8988100392FFA /* CompatNavigationStack.swift */ = {isa = PBXFileReference; lastKnownFileType = sourcecode.swift; path = CompatNavigationStack.swift; sourceTree = "<group>"; };
		920BB5DB2BD95D8D00392FFA /* MonotomicClock.swift */ = {isa = PBXFileReference; lastKnownFileType = sourcecode.swift; path = MonotomicClock.swift; sourceTree = "<group>"; };
		92115C2F2BD33A9E0020D62F /* GameInputCoordinator.swift */ = {isa = PBXFileReference; lastKnownFileType = sourcecode.swift; path = GameInputCoordinator.swift; sourceTree = "<group>"; };
		92115C312BD366ED0020D62F /* Box.swift */ = {isa = PBXFileReference; lastKnownFileType = sourcecode.swift; path = Box.swift; sourceTree = "<group>"; };
		92115C332BD3F2550020D62F /* ReorderControllersView.swift */ = {isa = PBXFileReference; lastKnownFileType = sourcecode.swift; path = ReorderControllersView.swift; sourceTree = "<group>"; };
		92115C352BD435840020D62F /* MessageBlock.swift */ = {isa = PBXFileReference; lastKnownFileType = sourcecode.swift; path = MessageBlock.swift; sourceTree = "<group>"; };
		92115C372BD4C7580020D62F /* GameInput+Extension.swift */ = {isa = PBXFileReference; lastKnownFileType = sourcecode.swift; path = "GameInput+Extension.swift"; sourceTree = "<group>"; };
		92115C392BD580F00020D62F /* EclipseKit+Extension.swift */ = {isa = PBXFileReference; lastKnownFileType = sourcecode.swift; path = "EclipseKit+Extension.swift"; sourceTree = "<group>"; };
		922358102BE15AF20014BFFA /* EmulationView.swift */ = {isa = PBXFileReference; lastKnownFileType = sourcecode.swift; path = EmulationView.swift; sourceTree = "<group>"; };
		922358132BE15ECE0014BFFA /* GameScreenView.swift */ = {isa = PBXFileReference; lastKnownFileType = sourcecode.swift; path = GameScreenView.swift; sourceTree = "<group>"; };
		922358152BE2B8B50014BFFA /* EmulationMenuView.swift */ = {isa = PBXFileReference; lastKnownFileType = sourcecode.swift; path = EmulationMenuView.swift; sourceTree = "<group>"; };
		922D78952BC23D5900695252 /* TouchControlsView.swift */ = {isa = PBXFileReference; lastKnownFileType = sourcecode.swift; path = TouchControlsView.swift; sourceTree = "<group>"; };
		922F00A12BC0C26600B419D7 /* EclipseEmu.app */ = {isa = PBXFileReference; explicitFileType = wrapper.application; includeInIndex = 0; path = EclipseEmu.app; sourceTree = BUILT_PRODUCTS_DIR; };
		922F00A42BC0C26600B419D7 /* EclipseEmuApp.swift */ = {isa = PBXFileReference; lastKnownFileType = sourcecode.swift; path = EclipseEmuApp.swift; sourceTree = "<group>"; };
		922F00A92BC0C26600B419D7 /* EclipseEmu.xcdatamodel */ = {isa = PBXFileReference; lastKnownFileType = wrapper.xcdatamodel; path = EclipseEmu.xcdatamodel; sourceTree = "<group>"; };
		922F00AB2BC0C26600B419D7 /* LibraryView.swift */ = {isa = PBXFileReference; lastKnownFileType = sourcecode.swift; path = LibraryView.swift; sourceTree = "<group>"; };
		922F00AD2BC0C26700B419D7 /* Assets.xcassets */ = {isa = PBXFileReference; lastKnownFileType = folder.assetcatalog; path = Assets.xcassets; sourceTree = "<group>"; };
		922F00AF2BC0C26700B419D7 /* EclipseEmu.entitlements */ = {isa = PBXFileReference; lastKnownFileType = text.plist.entitlements; path = EclipseEmu.entitlements; sourceTree = "<group>"; };
		922F00B12BC0C26700B419D7 /* Preview Assets.xcassets */ = {isa = PBXFileReference; lastKnownFileType = folder.assetcatalog; path = "Preview Assets.xcassets"; sourceTree = "<group>"; };
		922F00B72BC0C26700B419D7 /* EclipseEmuTests.xctest */ = {isa = PBXFileReference; explicitFileType = wrapper.cfbundle; includeInIndex = 0; path = EclipseEmuTests.xctest; sourceTree = BUILT_PRODUCTS_DIR; };
		922F00BB2BC0C26700B419D7 /* EclipseEmuTests.swift */ = {isa = PBXFileReference; lastKnownFileType = sourcecode.swift; path = EclipseEmuTests.swift; sourceTree = "<group>"; };
		922F00C12BC0C26700B419D7 /* EclipseEmuUITests.xctest */ = {isa = PBXFileReference; explicitFileType = wrapper.cfbundle; includeInIndex = 0; path = EclipseEmuUITests.xctest; sourceTree = BUILT_PRODUCTS_DIR; };
		922F00C52BC0C26700B419D7 /* EclipseEmuUITests.swift */ = {isa = PBXFileReference; lastKnownFileType = sourcecode.swift; path = EclipseEmuUITests.swift; sourceTree = "<group>"; };
		922F00C72BC0C26700B419D7 /* EclipseEmuUITestsLaunchTests.swift */ = {isa = PBXFileReference; lastKnownFileType = sourcecode.swift; path = EclipseEmuUITestsLaunchTests.swift; sourceTree = "<group>"; };
		922F00D42BC0C2EB00B419D7 /* System.swift */ = {isa = PBXFileReference; lastKnownFileType = sourcecode.swift; path = System.swift; sourceTree = "<group>"; };
		922F00D72BC0C75000B419D7 /* Game+CoreDataClass.swift */ = {isa = PBXFileReference; lastKnownFileType = sourcecode.swift; path = "Game+CoreDataClass.swift"; sourceTree = "<group>"; };
		922F00D82BC0C75000B419D7 /* Game+CoreDataProperties.swift */ = {isa = PBXFileReference; lastKnownFileType = sourcecode.swift; path = "Game+CoreDataProperties.swift"; sourceTree = "<group>"; };
		923E37FC2BC9AE0D00ECC973 /* GameFrameBufferRenderer.swift */ = {isa = PBXFileReference; lastKnownFileType = sourcecode.swift; path = GameFrameBufferRenderer.swift; sourceTree = "<group>"; };
		923E38002BC9BF0D00ECC973 /* GameCoreCoordinator.swift */ = {isa = PBXFileReference; lastKnownFileType = sourcecode.swift; path = GameCoreCoordinator.swift; sourceTree = "<group>"; };
		924B21882BE7F37900ED02F4 /* RingBuffer.swift */ = {isa = PBXFileReference; lastKnownFileType = sourcecode.swift; path = RingBuffer.swift; sourceTree = "<group>"; };
		9252332C2BE679AE00D46154 /* GameAudio.swift */ = {isa = PBXFileReference; lastKnownFileType = sourcecode.swift; path = GameAudio.swift; sourceTree = "<group>"; };
		925B14ED2BCA487F00AD7257 /* ExpressibleByIntegerLiteral+Extension.swift */ = {isa = PBXFileReference; lastKnownFileType = sourcecode.swift; path = "ExpressibleByIntegerLiteral+Extension.swift"; sourceTree = "<group>"; };
		925B14EF2BCACA0900AD7257 /* MTLPixelFormat+Extension.swift */ = {isa = PBXFileReference; lastKnownFileType = sourcecode.swift; path = "MTLPixelFormat+Extension.swift"; sourceTree = "<group>"; };
		9279730B2BE9B3F7008F2FE4 /* CheatsView.swift */ = {isa = PBXFileReference; lastKnownFileType = sourcecode.swift; path = CheatsView.swift; sourceTree = "<group>"; };
		9279730D2BE9ECA0008F2FE4 /* CharacterSet+Extension.swift */ = {isa = PBXFileReference; lastKnownFileType = sourcecode.swift; path = "CharacterSet+Extension.swift"; sourceTree = "<group>"; };
		9279730F2BEAB373008F2FE4 /* CheatCodeField.swift */ = {isa = PBXFileReference; lastKnownFileType = sourcecode.swift; path = CheatCodeField.swift; sourceTree = "<group>"; };
		927973112BEBE6FD008F2FE4 /* String+Extension.swift */ = {isa = PBXFileReference; lastKnownFileType = sourcecode.swift; path = "String+Extension.swift"; sourceTree = "<group>"; };
		927973132BEC4886008F2FE4 /* EditCheatView.swift */ = {isa = PBXFileReference; lastKnownFileType = sourcecode.swift; path = EditCheatView.swift; sourceTree = "<group>"; };
		927973182BEEB6FA008F2FE4 /* LazySplitIterator.swift */ = {isa = PBXFileReference; lastKnownFileType = sourcecode.swift; path = LazySplitIterator.swift; sourceTree = "<group>"; };
		9279731A2BEEBA9E008F2FE4 /* CheatFormatter.swift */ = {isa = PBXFileReference; lastKnownFileType = sourcecode.swift; path = CheatFormatter.swift; sourceTree = "<group>"; };
		9281CCAB2BCC481B00E4FE48 /* HomebrewView.swift */ = {isa = PBXFileReference; lastKnownFileType = sourcecode.swift; path = HomebrewView.swift; sourceTree = "<group>"; };
		9281CCAF2BCDD76F00E4FE48 /* AVAudioCommonFormat+Extension.swift */ = {isa = PBXFileReference; lastKnownFileType = sourcecode.swift; path = "AVAudioCommonFormat+Extension.swift"; sourceTree = "<group>"; };
		928237052BCB540C001E27B3 /* README.md */ = {isa = PBXFileReference; lastKnownFileType = net.daringfireball.markdown; path = README.md; sourceTree = "<group>"; };
		928237062BCB77B5001E27B3 /* View+Extension.swift */ = {isa = PBXFileReference; lastKnownFileType = sourcecode.swift; path = "View+Extension.swift"; sourceTree = "<group>"; };
		92875E9A2BCADDB900EABD63 /* Bundle+Extension.swift */ = {isa = PBXFileReference; lastKnownFileType = sourcecode.swift; path = "Bundle+Extension.swift"; sourceTree = "<group>"; };
		92875E9C2BCAF6EB00EABD63 /* GameCoreRegistry.swift */ = {isa = PBXFileReference; lastKnownFileType = sourcecode.swift; path = GameCoreRegistry.swift; sourceTree = "<group>"; };
		9294E5D72BC1A77F00B174E1 /* SettingsGeneralView.swift */ = {isa = PBXFileReference; lastKnownFileType = sourcecode.swift; path = SettingsGeneralView.swift; sourceTree = "<group>"; };
		9294E5D92BC1A91900B174E1 /* SettingsControlsView.swift */ = {isa = PBXFileReference; lastKnownFileType = sourcecode.swift; path = SettingsControlsView.swift; sourceTree = "<group>"; };
		9294E5DB2BC1A9AB00B174E1 /* SettingsBackupsView.swift */ = {isa = PBXFileReference; lastKnownFileType = sourcecode.swift; path = SettingsBackupsView.swift; sourceTree = "<group>"; };
		9294E5DD2BC1AF7800B174E1 /* Info.plist */ = {isa = PBXFileReference; lastKnownFileType = text.plist; path = Info.plist; sourceTree = "<group>"; };
		9294E5DE2BC1BFB700B174E1 /* SettingsGamepadView.swift */ = {isa = PBXFileReference; lastKnownFileType = sourcecode.swift; path = SettingsGamepadView.swift; sourceTree = "<group>"; };
		9294E5E22BC1D0BE00B174E1 /* Touch.swift */ = {isa = PBXFileReference; lastKnownFileType = sourcecode.swift; path = Touch.swift; sourceTree = "<group>"; };
		9294E5E62BC1D6EF00B174E1 /* Gamepad.swift */ = {isa = PBXFileReference; lastKnownFileType = sourcecode.swift; path = Gamepad.swift; sourceTree = "<group>"; };
		9294E5E82BC1D82000B174E1 /* Bindings.swift */ = {isa = PBXFileReference; lastKnownFileType = sourcecode.swift; path = Bindings.swift; sourceTree = "<group>"; };
		9298FEEE2BEEF47400F9881E /* BoxartView.swift */ = {isa = PBXFileReference; lastKnownFileType = sourcecode.swift; path = BoxartView.swift; sourceTree = "<group>"; };
		92A5F6112BEF023800DCC338 /* FileStream.swift */ = {isa = PBXFileReference; lastKnownFileType = sourcecode.swift; path = FileStream.swift; sourceTree = "<group>"; };
		92A5F6132BEF123800DCC338 /* Data+Extension.swift */ = {isa = PBXFileReference; lastKnownFileType = sourcecode.swift; path = "Data+Extension.swift"; sourceTree = "<group>"; };
		92A5F6152BEFEFF300DCC338 /* PersistenceCoordinator.swift */ = {isa = PBXFileReference; lastKnownFileType = sourcecode.swift; path = PersistenceCoordinator.swift; sourceTree = "<group>"; };
		92A5F61B2BF0198A00DCC338 /* GameManager.swift */ = {isa = PBXFileReference; lastKnownFileType = sourcecode.swift; path = GameManager.swift; sourceTree = "<group>"; };
		92A5F61D2BF01AE700DCC338 /* BidirectionalCollection+Extension.swift */ = {isa = PBXFileReference; lastKnownFileType = sourcecode.swift; path = "BidirectionalCollection+Extension.swift"; sourceTree = "<group>"; };
		92A5F6232BF1249D00DCC338 /* ExternalStorage.swift */ = {isa = PBXFileReference; lastKnownFileType = sourcecode.swift; path = ExternalStorage.swift; sourceTree = "<group>"; };
		92A5F62B2BF27BCE00DCC338 /* SaveStatesListView.swift */ = {isa = PBXFileReference; lastKnownFileType = sourcecode.swift; path = SaveStatesListView.swift; sourceTree = "<group>"; };
		92A5F6332BF2BD0A00DCC338 /* SaveStateItem.swift */ = {isa = PBXFileReference; lastKnownFileType = sourcecode.swift; path = SaveStateItem.swift; sourceTree = "<group>"; };
		92BFB78C2BC188470093B2E3 /* PlayGameAction.swift */ = {isa = PBXFileReference; lastKnownFileType = sourcecode.swift; path = PlayGameAction.swift; sourceTree = "<group>"; };
		92BFB7912BC190C30093B2E3 /* AppIconView.swift */ = {isa = PBXFileReference; lastKnownFileType = sourcecode.swift; path = AppIconView.swift; sourceTree = "<group>"; };
		92C11CC72BD6EF5200BB11A2 /* DummyCore */ = {isa = PBXFileReference; lastKnownFileType = wrapper; path = DummyCore; sourceTree = "<group>"; };
		92CAA2422BD2B67D000D4FE0 /* EclipseEmu-Bridging-Header.h */ = {isa = PBXFileReference; lastKnownFileType = sourcecode.c.h; path = "EclipseEmu-Bridging-Header.h"; sourceTree = "<group>"; };
		92CC9CFE2BC3983A00D668DB /* FrameBuffer.metal */ = {isa = PBXFileReference; lastKnownFileType = sourcecode.metal; path = FrameBuffer.metal; sourceTree = "<group>"; };
		92D5D3712BC0DF1700F1116C /* MD5.swift */ = {isa = PBXFileReference; lastKnownFileType = sourcecode.swift; path = MD5.swift; sourceTree = "<group>"; };
		92D5D7212BC0FFC100659C37 /* GameKeepPlayingItem.swift */ = {isa = PBXFileReference; lastKnownFileType = sourcecode.swift; path = GameKeepPlayingItem.swift; sourceTree = "<group>"; };
		92D5D7232BC1003B00659C37 /* SectionHeader.swift */ = {isa = PBXFileReference; lastKnownFileType = sourcecode.swift; path = SectionHeader.swift; sourceTree = "<group>"; };
		92D5D7252BC1007900659C37 /* GameGridItem.swift */ = {isa = PBXFileReference; lastKnownFileType = sourcecode.swift; path = GameGridItem.swift; sourceTree = "<group>"; };
		92D5D7272BC103BC00659C37 /* SettingsView.swift */ = {isa = PBXFileReference; lastKnownFileType = sourcecode.swift; path = SettingsView.swift; sourceTree = "<group>"; };
		92D5D72A2BC1723700659C37 /* GameView.swift */ = {isa = PBXFileReference; lastKnownFileType = sourcecode.swift; path = GameView.swift; sourceTree = "<group>"; };
		92D5D7302BC17C2800659C37 /* DismissButton.swift */ = {isa = PBXFileReference; lastKnownFileType = sourcecode.swift; path = DismissButton.swift; sourceTree = "<group>"; };
		92DFA3D42BC1E5FA0024D3EA /* SettingsEmulationView.swift */ = {isa = PBXFileReference; lastKnownFileType = sourcecode.swift; path = SettingsEmulationView.swift; sourceTree = "<group>"; };
/* End PBXFileReference section */

/* Begin PBXFrameworksBuildPhase section */
		922F009E2BC0C26600B419D7 /* Frameworks */ = {
			isa = PBXFrameworksBuildPhase;
			buildActionMask = 2147483647;
			files = (
				924B218C2BE8156700ED02F4 /* Atomics in Frameworks */,
				924B218F2BE96A4D00ED02F4 /* mGBAEclipseCore in Frameworks */,
				92A5F6322BF2BA8F00DCC338 /* mGBAEclipseCore in Frameworks */,
				92A5F6272BF1DDCF00DCC338 /* mGBAEclipseCore in Frameworks */,
				92A5F62A2BF2600300DCC338 /* EclipseKit in Frameworks */,
				92A5F62F2BF2BA7D00DCC338 /* EclipseKit in Frameworks */,
			);
			runOnlyForDeploymentPostprocessing = 0;
		};
		922F00B42BC0C26700B419D7 /* Frameworks */ = {
			isa = PBXFrameworksBuildPhase;
			buildActionMask = 2147483647;
			files = (
			);
			runOnlyForDeploymentPostprocessing = 0;
		};
		922F00BE2BC0C26700B419D7 /* Frameworks */ = {
			isa = PBXFrameworksBuildPhase;
			buildActionMask = 2147483647;
			files = (
			);
			runOnlyForDeploymentPostprocessing = 0;
		};
/* End PBXFrameworksBuildPhase section */

/* Begin PBXGroup section */
		922358122BE15AFA0014BFFA /* Emulation */ = {
			isa = PBXGroup;
			children = (
				922358102BE15AF20014BFFA /* EmulationView.swift */,
				922358152BE2B8B50014BFFA /* EmulationMenuView.swift */,
				922358132BE15ECE0014BFFA /* GameScreenView.swift */,
				922D78952BC23D5900695252 /* TouchControlsView.swift */,
				92115C332BD3F2550020D62F /* ReorderControllersView.swift */,
			);
			path = Emulation;
			sourceTree = "<group>";
		};
		9227F53E2BCB490700A29074 /* Frameworks */ = {
			isa = PBXGroup;
			children = (
			);
			name = Frameworks;
			sourceTree = "<group>";
		};
		922F00982BC0C26600B419D7 = {
			isa = PBXGroup;
			children = (
				928237052BCB540C001E27B3 /* README.md */,
				929AD0192BCB46C6001BC106 /* Cores */,
				922F00A32BC0C26600B419D7 /* EclipseEmu */,
				922F00BA2BC0C26700B419D7 /* EclipseEmuTests */,
				922F00C42BC0C26700B419D7 /* EclipseEmuUITests */,
				922F00A22BC0C26600B419D7 /* Products */,
				9227F53E2BCB490700A29074 /* Frameworks */,
			);
			sourceTree = "<group>";
		};
		922F00A22BC0C26600B419D7 /* Products */ = {
			isa = PBXGroup;
			children = (
				922F00A12BC0C26600B419D7 /* EclipseEmu.app */,
				922F00B72BC0C26700B419D7 /* EclipseEmuTests.xctest */,
				922F00C12BC0C26700B419D7 /* EclipseEmuUITests.xctest */,
			);
			name = Products;
			sourceTree = "<group>";
		};
		922F00A32BC0C26600B419D7 /* EclipseEmu */ = {
			isa = PBXGroup;
			children = (
				925B14EC2BCA487400AD7257 /* Extensions */,
				92CC9CF82BC3930B00D668DB /* Emulation */,
				92D5D7292BC1722600659C37 /* Helpers */,
				92BBAADA2BC4680700B09755 /* Shaders */,
				92A5F6172BEFF55E00DCC338 /* Storage */,
				92D5D71F2BC0FF9800659C37 /* Views */,
				922F00A42BC0C26600B419D7 /* EclipseEmuApp.swift */,
				9294E5DD2BC1AF7800B174E1 /* Info.plist */,
				922F00AD2BC0C26700B419D7 /* Assets.xcassets */,
				922F00AF2BC0C26700B419D7 /* EclipseEmu.entitlements */,
				922F00A82BC0C26600B419D7 /* EclipseEmu.xcdatamodeld */,
				92CAA2422BD2B67D000D4FE0 /* EclipseEmu-Bridging-Header.h */,
				922F00B02BC0C26700B419D7 /* Preview Content */,
			);
			path = EclipseEmu;
			sourceTree = "<group>";
		};
		922F00B02BC0C26700B419D7 /* Preview Content */ = {
			isa = PBXGroup;
			children = (
				922F00B12BC0C26700B419D7 /* Preview Assets.xcassets */,
			);
			path = "Preview Content";
			sourceTree = "<group>";
		};
		922F00BA2BC0C26700B419D7 /* EclipseEmuTests */ = {
			isa = PBXGroup;
			children = (
				922F00BB2BC0C26700B419D7 /* EclipseEmuTests.swift */,
			);
			path = EclipseEmuTests;
			sourceTree = "<group>";
		};
		922F00C42BC0C26700B419D7 /* EclipseEmuUITests */ = {
			isa = PBXGroup;
			children = (
				922F00C52BC0C26700B419D7 /* EclipseEmuUITests.swift */,
				922F00C72BC0C26700B419D7 /* EclipseEmuUITestsLaunchTests.swift */,
			);
			path = EclipseEmuUITests;
			sourceTree = "<group>";
		};
		922F00D62BC0C2EE00B419D7 /* Model */ = {
			isa = PBXGroup;
			children = (
				9294E5E12BC1D0AF00B174E1 /* Controls */,
				922F00DB2BC0C75B00B419D7 /* Game */,
				922F00D42BC0C2EB00B419D7 /* System.swift */,
			);
			path = Model;
			sourceTree = "<group>";
		};
		922F00DB2BC0C75B00B419D7 /* Game */ = {
			isa = PBXGroup;
			children = (
				922F00D72BC0C75000B419D7 /* Game+CoreDataClass.swift */,
				922F00D82BC0C75000B419D7 /* Game+CoreDataProperties.swift */,
			);
			path = Game;
			sourceTree = "<group>";
		};
		925B14EC2BCA487400AD7257 /* Extensions */ = {
			isa = PBXGroup;
			children = (
				9281CCAF2BCDD76F00E4FE48 /* AVAudioCommonFormat+Extension.swift */,
				92A5F61D2BF01AE700DCC338 /* BidirectionalCollection+Extension.swift */,
				92875E9A2BCADDB900EABD63 /* Bundle+Extension.swift */,
				9279730D2BE9ECA0008F2FE4 /* CharacterSet+Extension.swift */,
				92A5F6132BEF123800DCC338 /* Data+Extension.swift */,
				92115C392BD580F00020D62F /* EclipseKit+Extension.swift */,
				925B14ED2BCA487F00AD7257 /* ExpressibleByIntegerLiteral+Extension.swift */,
				92115C372BD4C7580020D62F /* GameInput+Extension.swift */,
				925B14EF2BCACA0900AD7257 /* MTLPixelFormat+Extension.swift */,
				927973112BEBE6FD008F2FE4 /* String+Extension.swift */,
				928237062BCB77B5001E27B3 /* View+Extension.swift */,
			);
			path = Extensions;
			sourceTree = "<group>";
		};
		9294E5D52BC1A71E00B174E1 /* Settings */ = {
			isa = PBXGroup;
			children = (
				9294E5E02BC1BFBC00B174E1 /* Controls */,
				92D5D7272BC103BC00659C37 /* SettingsView.swift */,
				9294E5D72BC1A77F00B174E1 /* SettingsGeneralView.swift */,
				9294E5DB2BC1A9AB00B174E1 /* SettingsBackupsView.swift */,
				92DFA3D42BC1E5FA0024D3EA /* SettingsEmulationView.swift */,
			);
			path = Settings;
			sourceTree = "<group>";
		};
		9294E5D62BC1A72900B174E1 /* Library */ = {
			isa = PBXGroup;
			children = (
				922F00AB2BC0C26600B419D7 /* LibraryView.swift */,
				92D5D72A2BC1723700659C37 /* GameView.swift */,
				9281CCAB2BCC481B00E4FE48 /* HomebrewView.swift */,
				9279730B2BE9B3F7008F2FE4 /* CheatsView.swift */,
				927973132BEC4886008F2FE4 /* EditCheatView.swift */,
				92A5F62B2BF27BCE00DCC338 /* SaveStatesListView.swift */,
			);
			path = Library;
			sourceTree = "<group>";
		};
		9294E5E02BC1BFBC00B174E1 /* Controls */ = {
			isa = PBXGroup;
			children = (
				9294E5D92BC1A91900B174E1 /* SettingsControlsView.swift */,
				9294E5DE2BC1BFB700B174E1 /* SettingsGamepadView.swift */,
			);
			path = Controls;
			sourceTree = "<group>";
		};
		9294E5E12BC1D0AF00B174E1 /* Controls */ = {
			isa = PBXGroup;
			children = (
				9294E5E22BC1D0BE00B174E1 /* Touch.swift */,
				9294E5E62BC1D6EF00B174E1 /* Gamepad.swift */,
				9294E5E82BC1D82000B174E1 /* Bindings.swift */,
			);
			path = Controls;
			sourceTree = "<group>";
		};
		929AD0192BCB46C6001BC106 /* Cores */ = {
			isa = PBXGroup;
			children = (
				92C11CC72BD6EF5200BB11A2 /* DummyCore */,
			);
			path = Cores;
			sourceTree = "<group>";
		};
		92A5F6172BEFF55E00DCC338 /* Storage */ = {
			isa = PBXGroup;
			children = (
				922F00D62BC0C2EE00B419D7 /* Model */,
				92A5F6152BEFEFF300DCC338 /* PersistenceCoordinator.swift */,
				92A5F6232BF1249D00DCC338 /* ExternalStorage.swift */,
				92A5F61B2BF0198A00DCC338 /* GameManager.swift */,
			);
			path = Storage;
			sourceTree = "<group>";
		};
		92BBAADA2BC4680700B09755 /* Shaders */ = {
			isa = PBXGroup;
			children = (
				92CC9CFE2BC3983A00D668DB /* FrameBuffer.metal */,
			);
			path = Shaders;
			sourceTree = "<group>";
		};
		92CC9CF82BC3930B00D668DB /* Emulation */ = {
			isa = PBXGroup;
			children = (
				924B21882BE7F37900ED02F4 /* RingBuffer.swift */,
				920BB5DB2BD95D8D00392FFA /* MonotomicClock.swift */,
				923E38002BC9BF0D00ECC973 /* GameCoreCoordinator.swift */,
				92115C2F2BD33A9E0020D62F /* GameInputCoordinator.swift */,
				923E37FC2BC9AE0D00ECC973 /* GameFrameBufferRenderer.swift */,
				9252332C2BE679AE00D46154 /* GameAudio.swift */,
			);
			path = Emulation;
			sourceTree = "<group>";
		};
		92D5D71F2BC0FF9800659C37 /* Views */ = {
			isa = PBXGroup;
			children = (
				922358122BE15AFA0014BFFA /* Emulation */,
				9294E5D62BC1A72900B174E1 /* Library */,
				9294E5D52BC1A71E00B174E1 /* Settings */,
				92D5D7202BC0FFA000659C37 /* Supporting */,
			);
			path = Views;
			sourceTree = "<group>";
		};
		92D5D7202BC0FFA000659C37 /* Supporting */ = {
			isa = PBXGroup;
			children = (
				92BFB7912BC190C30093B2E3 /* AppIconView.swift */,
				9298FEEE2BEEF47400F9881E /* BoxartView.swift */,
				9279730F2BEAB373008F2FE4 /* CheatCodeField.swift */,
				920BB5D92BD8988100392FFA /* CompatNavigationStack.swift */,
				92D5D7212BC0FFC100659C37 /* GameKeepPlayingItem.swift */,
				92D5D7252BC1007900659C37 /* GameGridItem.swift */,
				92D5D7302BC17C2800659C37 /* DismissButton.swift */,
				92115C352BD435840020D62F /* MessageBlock.swift */,
				92A5F6332BF2BD0A00DCC338 /* SaveStateItem.swift */,
				92D5D7232BC1003B00659C37 /* SectionHeader.swift */,
			);
			path = Supporting;
			sourceTree = "<group>";
		};
		92D5D7292BC1722600659C37 /* Helpers */ = {
			isa = PBXGroup;
			children = (
				92115C312BD366ED0020D62F /* Box.swift */,
				9279731A2BEEBA9E008F2FE4 /* CheatFormatter.swift */,
				92A5F6112BEF023800DCC338 /* FileStream.swift */,
				92875E9C2BCAF6EB00EABD63 /* GameCoreRegistry.swift */,
				92D5D3712BC0DF1700F1116C /* MD5.swift */,
				927973182BEEB6FA008F2FE4 /* LazySplitIterator.swift */,
				92BFB78C2BC188470093B2E3 /* PlayGameAction.swift */,
			);
			path = Helpers;
			sourceTree = "<group>";
		};
/* End PBXGroup section */

/* Begin PBXNativeTarget section */
		922F00A02BC0C26600B419D7 /* EclipseEmu */ = {
			isa = PBXNativeTarget;
			buildConfigurationList = 922F00CB2BC0C26700B419D7 /* Build configuration list for PBXNativeTarget "EclipseEmu" */;
			buildPhases = (
				922F009D2BC0C26600B419D7 /* Sources */,
				922F009E2BC0C26600B419D7 /* Frameworks */,
				922F009F2BC0C26600B419D7 /* Resources */,
				92C11CCF2BD7067100BB11A2 /* Embed Frameworks */,
			);
			buildRules = (
			);
			dependencies = (
			);
			name = EclipseEmu;
			packageProductDependencies = (
				924B218B2BE8156700ED02F4 /* Atomics */,
				924B218E2BE96A4D00ED02F4 /* mGBAEclipseCore */,
				92A5F6262BF1DDCF00DCC338 /* mGBAEclipseCore */,
				92A5F6292BF2600300DCC338 /* EclipseKit */,
				92A5F62E2BF2BA7D00DCC338 /* EclipseKit */,
				92A5F6312BF2BA8F00DCC338 /* mGBAEclipseCore */,
			);
			productName = EclipseEmu;
			productReference = 922F00A12BC0C26600B419D7 /* EclipseEmu.app */;
			productType = "com.apple.product-type.application";
		};
		922F00B62BC0C26700B419D7 /* EclipseEmuTests */ = {
			isa = PBXNativeTarget;
			buildConfigurationList = 922F00CE2BC0C26700B419D7 /* Build configuration list for PBXNativeTarget "EclipseEmuTests" */;
			buildPhases = (
				922F00B32BC0C26700B419D7 /* Sources */,
				922F00B42BC0C26700B419D7 /* Frameworks */,
				922F00B52BC0C26700B419D7 /* Resources */,
			);
			buildRules = (
			);
			dependencies = (
				922F00B92BC0C26700B419D7 /* PBXTargetDependency */,
			);
			name = EclipseEmuTests;
			productName = EclipseEmuTests;
			productReference = 922F00B72BC0C26700B419D7 /* EclipseEmuTests.xctest */;
			productType = "com.apple.product-type.bundle.unit-test";
		};
		922F00C02BC0C26700B419D7 /* EclipseEmuUITests */ = {
			isa = PBXNativeTarget;
			buildConfigurationList = 922F00D12BC0C26700B419D7 /* Build configuration list for PBXNativeTarget "EclipseEmuUITests" */;
			buildPhases = (
				922F00BD2BC0C26700B419D7 /* Sources */,
				922F00BE2BC0C26700B419D7 /* Frameworks */,
				922F00BF2BC0C26700B419D7 /* Resources */,
			);
			buildRules = (
			);
			dependencies = (
				922F00C32BC0C26700B419D7 /* PBXTargetDependency */,
			);
			name = EclipseEmuUITests;
			productName = EclipseEmuUITests;
			productReference = 922F00C12BC0C26700B419D7 /* EclipseEmuUITests.xctest */;
			productType = "com.apple.product-type.bundle.ui-testing";
		};
/* End PBXNativeTarget section */

/* Begin PBXProject section */
		922F00992BC0C26600B419D7 /* Project object */ = {
			isa = PBXProject;
			attributes = {
				BuildIndependentTargetsInParallel = 1;
				LastSwiftUpdateCheck = 1520;
				LastUpgradeCheck = 1530;
				TargetAttributes = {
					922F00A02BC0C26600B419D7 = {
						CreatedOnToolsVersion = 15.2;
						LastSwiftMigration = 1530;
					};
					922F00B62BC0C26700B419D7 = {
						CreatedOnToolsVersion = 15.2;
						TestTargetID = 922F00A02BC0C26600B419D7;
					};
					922F00C02BC0C26700B419D7 = {
						CreatedOnToolsVersion = 15.2;
						TestTargetID = 922F00A02BC0C26600B419D7;
					};
				};
			};
			buildConfigurationList = 922F009C2BC0C26600B419D7 /* Build configuration list for PBXProject "EclipseEmu" */;
			compatibilityVersion = "Xcode 14.0";
			developmentRegion = en;
			hasScannedForEncodings = 0;
			knownRegions = (
				en,
				Base,
			);
			mainGroup = 922F00982BC0C26600B419D7;
			packageReferences = (
				924B218A2BE8156700ED02F4 /* XCRemoteSwiftPackageReference "swift-atomics" */,
				92A5F62D2BF2BA7D00DCC338 /* XCRemoteSwiftPackageReference "eclipsekit" */,
				92A5F6302BF2BA8F00DCC338 /* XCRemoteSwiftPackageReference "core-mgba" */,
			);
			productRefGroup = 922F00A22BC0C26600B419D7 /* Products */;
			projectDirPath = "";
			projectRoot = "";
			targets = (
				922F00A02BC0C26600B419D7 /* EclipseEmu */,
				922F00B62BC0C26700B419D7 /* EclipseEmuTests */,
				922F00C02BC0C26700B419D7 /* EclipseEmuUITests */,
			);
		};
/* End PBXProject section */

/* Begin PBXResourcesBuildPhase section */
		922F009F2BC0C26600B419D7 /* Resources */ = {
			isa = PBXResourcesBuildPhase;
			buildActionMask = 2147483647;
			files = (
				922F00B22BC0C26700B419D7 /* Preview Assets.xcassets in Resources */,
				922F00AE2BC0C26700B419D7 /* Assets.xcassets in Resources */,
			);
			runOnlyForDeploymentPostprocessing = 0;
		};
		922F00B52BC0C26700B419D7 /* Resources */ = {
			isa = PBXResourcesBuildPhase;
			buildActionMask = 2147483647;
			files = (
			);
			runOnlyForDeploymentPostprocessing = 0;
		};
		922F00BF2BC0C26700B419D7 /* Resources */ = {
			isa = PBXResourcesBuildPhase;
			buildActionMask = 2147483647;
			files = (
			);
			runOnlyForDeploymentPostprocessing = 0;
		};
/* End PBXResourcesBuildPhase section */

/* Begin PBXSourcesBuildPhase section */
		922F009D2BC0C26600B419D7 /* Sources */ = {
			isa = PBXSourcesBuildPhase;
			buildActionMask = 2147483647;
			files = (
				922F00DA2BC0C75000B419D7 /* Game+CoreDataProperties.swift in Sources */,
				924B21892BE7F37900ED02F4 /* RingBuffer.swift in Sources */,
				922D78962BC23D5900695252 /* TouchControlsView.swift in Sources */,
				92875E9B2BCADDB900EABD63 /* Bundle+Extension.swift in Sources */,
				922F00D52BC0C2EB00B419D7 /* System.swift in Sources */,
				9279730C2BE9B3F7008F2FE4 /* CheatsView.swift in Sources */,
				92A5F6242BF1249D00DCC338 /* ExternalStorage.swift in Sources */,
				9294E5E92BC1D82000B174E1 /* Bindings.swift in Sources */,
				92115C3A2BD580F00020D62F /* EclipseKit+Extension.swift in Sources */,
				92D5D7242BC1003B00659C37 /* SectionHeader.swift in Sources */,
				92BFB78D2BC188470093B2E3 /* PlayGameAction.swift in Sources */,
				92D5D3722BC0DF1700F1116C /* MD5.swift in Sources */,
				922358162BE2B8B50014BFFA /* EmulationMenuView.swift in Sources */,
				92A5F6342BF2BD0A00DCC338 /* SaveStateItem.swift in Sources */,
				92A5F6122BEF023800DCC338 /* FileStream.swift in Sources */,
				927973192BEEB6FA008F2FE4 /* LazySplitIterator.swift in Sources */,
				923E38012BC9BF0D00ECC973 /* GameCoreCoordinator.swift in Sources */,
				92115C362BD435840020D62F /* MessageBlock.swift in Sources */,
				9252332D2BE679AE00D46154 /* GameAudio.swift in Sources */,
				92115C382BD4C7580020D62F /* GameInput+Extension.swift in Sources */,
				922F00A52BC0C26600B419D7 /* EclipseEmuApp.swift in Sources */,
				927973142BEC4886008F2FE4 /* EditCheatView.swift in Sources */,
				9279731B2BEEBA9E008F2FE4 /* CheatFormatter.swift in Sources */,
				92DFA3D52BC1E5FA0024D3EA /* SettingsEmulationView.swift in Sources */,
				92D5D7262BC1007900659C37 /* GameGridItem.swift in Sources */,
				92115C302BD33A9E0020D62F /* GameInputCoordinator.swift in Sources */,
				9281CCAC2BCC481B00E4FE48 /* HomebrewView.swift in Sources */,
				927973122BEBE6FD008F2FE4 /* String+Extension.swift in Sources */,
				925B14F02BCACA0900AD7257 /* MTLPixelFormat+Extension.swift in Sources */,
				920BB5DC2BD95D8D00392FFA /* MonotomicClock.swift in Sources */,
				92A5F6142BEF123800DCC338 /* Data+Extension.swift in Sources */,
				9294E5DA2BC1A91900B174E1 /* SettingsControlsView.swift in Sources */,
				92A5F61C2BF0198A00DCC338 /* GameManager.swift in Sources */,
				92A5F61E2BF01AE700DCC338 /* BidirectionalCollection+Extension.swift in Sources */,
				9294E5D82BC1A77F00B174E1 /* SettingsGeneralView.swift in Sources */,
				922F00AC2BC0C26600B419D7 /* LibraryView.swift in Sources */,
				922F00AA2BC0C26600B419D7 /* EclipseEmu.xcdatamodeld in Sources */,
				9294E5DC2BC1A9AB00B174E1 /* SettingsBackupsView.swift in Sources */,
				922358112BE15AF20014BFFA /* EmulationView.swift in Sources */,
				927973102BEAB373008F2FE4 /* CheatCodeField.swift in Sources */,
				92D5D7282BC103BC00659C37 /* SettingsView.swift in Sources */,
				9294E5E72BC1D6EF00B174E1 /* Gamepad.swift in Sources */,
				92D5D7222BC0FFC100659C37 /* GameKeepPlayingItem.swift in Sources */,
				92A5F6162BEFEFF300DCC338 /* PersistenceCoordinator.swift in Sources */,
				920BB5DA2BD8988100392FFA /* CompatNavigationStack.swift in Sources */,
				9294E5DF2BC1BFB700B174E1 /* SettingsGamepadView.swift in Sources */,
				92D5D72B2BC1723700659C37 /* GameView.swift in Sources */,
				9281CCB02BCDD76F00E4FE48 /* AVAudioCommonFormat+Extension.swift in Sources */,
				922358142BE15ECE0014BFFA /* GameScreenView.swift in Sources */,
				925B14EE2BCA487F00AD7257 /* ExpressibleByIntegerLiteral+Extension.swift in Sources */,
				92D5D7312BC17C2800659C37 /* DismissButton.swift in Sources */,
				92115C322BD366ED0020D62F /* Box.swift in Sources */,
				9298FEEF2BEEF47400F9881E /* BoxartView.swift in Sources */,
				923E37FD2BC9AE0D00ECC973 /* GameFrameBufferRenderer.swift in Sources */,
				9279730E2BE9ECA0008F2FE4 /* CharacterSet+Extension.swift in Sources */,
				928237072BCB77B5001E27B3 /* View+Extension.swift in Sources */,
				922F00D92BC0C75000B419D7 /* Game+CoreDataClass.swift in Sources */,
				92A5F62C2BF27BCE00DCC338 /* SaveStatesListView.swift in Sources */,
				92CC9CFF2BC3983A00D668DB /* FrameBuffer.metal in Sources */,
				92875E9D2BCAF6EB00EABD63 /* GameCoreRegistry.swift in Sources */,
				92BFB7922BC190C30093B2E3 /* AppIconView.swift in Sources */,
				9294E5E32BC1D0BE00B174E1 /* Touch.swift in Sources */,
				92115C342BD3F2550020D62F /* ReorderControllersView.swift in Sources */,
			);
			runOnlyForDeploymentPostprocessing = 0;
		};
		922F00B32BC0C26700B419D7 /* Sources */ = {
			isa = PBXSourcesBuildPhase;
			buildActionMask = 2147483647;
			files = (
				922F00BC2BC0C26700B419D7 /* EclipseEmuTests.swift in Sources */,
			);
			runOnlyForDeploymentPostprocessing = 0;
		};
		922F00BD2BC0C26700B419D7 /* Sources */ = {
			isa = PBXSourcesBuildPhase;
			buildActionMask = 2147483647;
			files = (
				922F00C82BC0C26700B419D7 /* EclipseEmuUITestsLaunchTests.swift in Sources */,
				922F00C62BC0C26700B419D7 /* EclipseEmuUITests.swift in Sources */,
			);
			runOnlyForDeploymentPostprocessing = 0;
		};
/* End PBXSourcesBuildPhase section */

/* Begin PBXTargetDependency section */
		922F00B92BC0C26700B419D7 /* PBXTargetDependency */ = {
			isa = PBXTargetDependency;
			target = 922F00A02BC0C26600B419D7 /* EclipseEmu */;
			targetProxy = 922F00B82BC0C26700B419D7 /* PBXContainerItemProxy */;
		};
		922F00C32BC0C26700B419D7 /* PBXTargetDependency */ = {
			isa = PBXTargetDependency;
			target = 922F00A02BC0C26600B419D7 /* EclipseEmu */;
			targetProxy = 922F00C22BC0C26700B419D7 /* PBXContainerItemProxy */;
		};
/* End PBXTargetDependency section */

/* Begin XCBuildConfiguration section */
		922F00C92BC0C26700B419D7 /* Debug */ = {
			isa = XCBuildConfiguration;
			buildSettings = {
				ALWAYS_SEARCH_USER_PATHS = NO;
				ASSETCATALOG_COMPILER_GENERATE_SWIFT_ASSET_SYMBOL_EXTENSIONS = YES;
				CLANG_ANALYZER_NONNULL = YES;
				CLANG_ANALYZER_NUMBER_OBJECT_CONVERSION = YES_AGGRESSIVE;
				CLANG_CXX_LANGUAGE_STANDARD = "gnu++20";
				CLANG_ENABLE_MODULES = YES;
				CLANG_ENABLE_OBJC_ARC = YES;
				CLANG_ENABLE_OBJC_WEAK = YES;
				CLANG_WARN_BLOCK_CAPTURE_AUTORELEASING = YES;
				CLANG_WARN_BOOL_CONVERSION = YES;
				CLANG_WARN_COMMA = YES;
				CLANG_WARN_CONSTANT_CONVERSION = YES;
				CLANG_WARN_DEPRECATED_OBJC_IMPLEMENTATIONS = YES;
				CLANG_WARN_DIRECT_OBJC_ISA_USAGE = YES_ERROR;
				CLANG_WARN_DOCUMENTATION_COMMENTS = YES;
				CLANG_WARN_EMPTY_BODY = YES;
				CLANG_WARN_ENUM_CONVERSION = YES;
				CLANG_WARN_INFINITE_RECURSION = YES;
				CLANG_WARN_INT_CONVERSION = YES;
				CLANG_WARN_NON_LITERAL_NULL_CONVERSION = YES;
				CLANG_WARN_OBJC_IMPLICIT_RETAIN_SELF = YES;
				CLANG_WARN_OBJC_LITERAL_CONVERSION = YES;
				CLANG_WARN_OBJC_ROOT_CLASS = YES_ERROR;
				CLANG_WARN_QUOTED_INCLUDE_IN_FRAMEWORK_HEADER = YES;
				CLANG_WARN_RANGE_LOOP_ANALYSIS = YES;
				CLANG_WARN_STRICT_PROTOTYPES = YES;
				CLANG_WARN_SUSPICIOUS_MOVE = YES;
				CLANG_WARN_UNGUARDED_AVAILABILITY = YES_AGGRESSIVE;
				CLANG_WARN_UNREACHABLE_CODE = YES;
				CLANG_WARN__DUPLICATE_METHOD_MATCH = YES;
				COPY_PHASE_STRIP = NO;
				DEAD_CODE_STRIPPING = YES;
				DEBUG_INFORMATION_FORMAT = dwarf;
				ENABLE_STRICT_OBJC_MSGSEND = YES;
				ENABLE_TESTABILITY = YES;
				ENABLE_USER_SCRIPT_SANDBOXING = YES;
				GCC_C_LANGUAGE_STANDARD = gnu17;
				GCC_DYNAMIC_NO_PIC = NO;
				GCC_NO_COMMON_BLOCKS = YES;
				GCC_OPTIMIZATION_LEVEL = 0;
				GCC_PREPROCESSOR_DEFINITIONS = (
					"DEBUG=1",
					"$(inherited)",
				);
				GCC_WARN_64_TO_32_BIT_CONVERSION = YES;
				GCC_WARN_ABOUT_RETURN_TYPE = YES_ERROR;
				GCC_WARN_UNDECLARED_SELECTOR = YES;
				GCC_WARN_UNINITIALIZED_AUTOS = YES_AGGRESSIVE;
				GCC_WARN_UNUSED_FUNCTION = YES;
				GCC_WARN_UNUSED_VARIABLE = YES;
				LOCALIZATION_PREFERS_STRING_CATALOGS = YES;
				MTL_ENABLE_DEBUG_INFO = INCLUDE_SOURCE;
				MTL_FAST_MATH = YES;
				ONLY_ACTIVE_ARCH = YES;
				SWIFT_ACTIVE_COMPILATION_CONDITIONS = "DEBUG $(inherited)";
				SWIFT_OPTIMIZATION_LEVEL = "-Onone";
			};
			name = Debug;
		};
		922F00CA2BC0C26700B419D7 /* Release */ = {
			isa = XCBuildConfiguration;
			buildSettings = {
				ALWAYS_SEARCH_USER_PATHS = NO;
				ASSETCATALOG_COMPILER_GENERATE_SWIFT_ASSET_SYMBOL_EXTENSIONS = YES;
				CLANG_ANALYZER_NONNULL = YES;
				CLANG_ANALYZER_NUMBER_OBJECT_CONVERSION = YES_AGGRESSIVE;
				CLANG_CXX_LANGUAGE_STANDARD = "gnu++20";
				CLANG_ENABLE_MODULES = YES;
				CLANG_ENABLE_OBJC_ARC = YES;
				CLANG_ENABLE_OBJC_WEAK = YES;
				CLANG_WARN_BLOCK_CAPTURE_AUTORELEASING = YES;
				CLANG_WARN_BOOL_CONVERSION = YES;
				CLANG_WARN_COMMA = YES;
				CLANG_WARN_CONSTANT_CONVERSION = YES;
				CLANG_WARN_DEPRECATED_OBJC_IMPLEMENTATIONS = YES;
				CLANG_WARN_DIRECT_OBJC_ISA_USAGE = YES_ERROR;
				CLANG_WARN_DOCUMENTATION_COMMENTS = YES;
				CLANG_WARN_EMPTY_BODY = YES;
				CLANG_WARN_ENUM_CONVERSION = YES;
				CLANG_WARN_INFINITE_RECURSION = YES;
				CLANG_WARN_INT_CONVERSION = YES;
				CLANG_WARN_NON_LITERAL_NULL_CONVERSION = YES;
				CLANG_WARN_OBJC_IMPLICIT_RETAIN_SELF = YES;
				CLANG_WARN_OBJC_LITERAL_CONVERSION = YES;
				CLANG_WARN_OBJC_ROOT_CLASS = YES_ERROR;
				CLANG_WARN_QUOTED_INCLUDE_IN_FRAMEWORK_HEADER = YES;
				CLANG_WARN_RANGE_LOOP_ANALYSIS = YES;
				CLANG_WARN_STRICT_PROTOTYPES = YES;
				CLANG_WARN_SUSPICIOUS_MOVE = YES;
				CLANG_WARN_UNGUARDED_AVAILABILITY = YES_AGGRESSIVE;
				CLANG_WARN_UNREACHABLE_CODE = YES;
				CLANG_WARN__DUPLICATE_METHOD_MATCH = YES;
				COPY_PHASE_STRIP = NO;
				DEAD_CODE_STRIPPING = YES;
				DEBUG_INFORMATION_FORMAT = "dwarf-with-dsym";
				ENABLE_NS_ASSERTIONS = NO;
				ENABLE_STRICT_OBJC_MSGSEND = YES;
				ENABLE_USER_SCRIPT_SANDBOXING = YES;
				GCC_C_LANGUAGE_STANDARD = gnu17;
				GCC_NO_COMMON_BLOCKS = YES;
				GCC_WARN_64_TO_32_BIT_CONVERSION = YES;
				GCC_WARN_ABOUT_RETURN_TYPE = YES_ERROR;
				GCC_WARN_UNDECLARED_SELECTOR = YES;
				GCC_WARN_UNINITIALIZED_AUTOS = YES_AGGRESSIVE;
				GCC_WARN_UNUSED_FUNCTION = YES;
				GCC_WARN_UNUSED_VARIABLE = YES;
				LOCALIZATION_PREFERS_STRING_CATALOGS = YES;
				MTL_ENABLE_DEBUG_INFO = NO;
				MTL_FAST_MATH = YES;
				SWIFT_COMPILATION_MODE = wholemodule;
			};
			name = Release;
		};
		922F00CC2BC0C26700B419D7 /* Debug */ = {
			isa = XCBuildConfiguration;
			buildSettings = {
				ASSETCATALOG_COMPILER_APPICON_NAME = AppIcon;
				ASSETCATALOG_COMPILER_GLOBAL_ACCENT_COLOR_NAME = AccentColor;
				CLANG_ENABLE_MODULES = YES;
				CODE_SIGN_ENTITLEMENTS = EclipseEmu/EclipseEmu.entitlements;
				CODE_SIGN_STYLE = Automatic;
				CURRENT_PROJECT_VERSION = 1;
				DEAD_CODE_STRIPPING = YES;
				DEVELOPMENT_ASSET_PATHS = "\"EclipseEmu/Preview Content\"";
				DEVELOPMENT_TEAM = F7F5H2QUCJ;
				ENABLE_HARDENED_RUNTIME = YES;
				ENABLE_PREVIEWS = YES;
				GENERATE_INFOPLIST_FILE = YES;
				INFOPLIST_FILE = EclipseEmu/Info.plist;
				INFOPLIST_KEY_CFBundleDisplayName = Eclipse;
				INFOPLIST_KEY_LSApplicationCategoryType = "public.app-category.entertainment";
				"INFOPLIST_KEY_UIApplicationSceneManifest_Generation[sdk=iphoneos*]" = YES;
				"INFOPLIST_KEY_UIApplicationSceneManifest_Generation[sdk=iphonesimulator*]" = YES;
				"INFOPLIST_KEY_UIApplicationSupportsIndirectInputEvents[sdk=iphoneos*]" = YES;
				"INFOPLIST_KEY_UIApplicationSupportsIndirectInputEvents[sdk=iphonesimulator*]" = YES;
				"INFOPLIST_KEY_UILaunchScreen_Generation[sdk=iphoneos*]" = YES;
				"INFOPLIST_KEY_UILaunchScreen_Generation[sdk=iphonesimulator*]" = YES;
				"INFOPLIST_KEY_UIStatusBarStyle[sdk=iphoneos*]" = UIStatusBarStyleDefault;
				"INFOPLIST_KEY_UIStatusBarStyle[sdk=iphonesimulator*]" = UIStatusBarStyleDefault;
				INFOPLIST_KEY_UISupportedInterfaceOrientations_iPad = "UIInterfaceOrientationPortrait UIInterfaceOrientationPortraitUpsideDown UIInterfaceOrientationLandscapeLeft UIInterfaceOrientationLandscapeRight";
				INFOPLIST_KEY_UISupportedInterfaceOrientations_iPhone = "UIInterfaceOrientationPortrait UIInterfaceOrientationLandscapeLeft UIInterfaceOrientationLandscapeRight";
				IPHONEOS_DEPLOYMENT_TARGET = 15.0;
				LD_RUNPATH_SEARCH_PATHS = "@executable_path/Frameworks";
				"LD_RUNPATH_SEARCH_PATHS[sdk=macosx*]" = "@executable_path/../Frameworks";
				MACOSX_DEPLOYMENT_TARGET = 13.0;
				MARKETING_VERSION = 1.0.0;
				OTHER_SWIFT_FLAGS = "";
				PRODUCT_BUNDLE_IDENTIFIER = dev.magnetar.EclipseEmu;
				PRODUCT_NAME = "$(TARGET_NAME)";
				SDKROOT = auto;
				SUPPORTED_PLATFORMS = "iphoneos iphonesimulator macosx";
				SWIFT_EMIT_LOC_STRINGS = YES;
				SWIFT_OBJC_BRIDGING_HEADER = "EclipseEmu/EclipseEmu-Bridging-Header.h";
				SWIFT_OBJC_INTEROP_MODE = objc;
				SWIFT_OPTIMIZATION_LEVEL = "-Onone";
				SWIFT_VERSION = 5.0;
				TARGETED_DEVICE_FAMILY = "1,2";
			};
			name = Debug;
		};
		922F00CD2BC0C26700B419D7 /* Release */ = {
			isa = XCBuildConfiguration;
			buildSettings = {
				ASSETCATALOG_COMPILER_APPICON_NAME = AppIcon;
				ASSETCATALOG_COMPILER_GLOBAL_ACCENT_COLOR_NAME = AccentColor;
				CLANG_ENABLE_MODULES = YES;
				CODE_SIGN_ENTITLEMENTS = EclipseEmu/EclipseEmu.entitlements;
				CODE_SIGN_STYLE = Automatic;
				CURRENT_PROJECT_VERSION = 1;
				DEAD_CODE_STRIPPING = YES;
				DEVELOPMENT_ASSET_PATHS = "\"EclipseEmu/Preview Content\"";
				DEVELOPMENT_TEAM = F7F5H2QUCJ;
				ENABLE_HARDENED_RUNTIME = YES;
				ENABLE_PREVIEWS = YES;
				GENERATE_INFOPLIST_FILE = YES;
				INFOPLIST_FILE = EclipseEmu/Info.plist;
				INFOPLIST_KEY_CFBundleDisplayName = Eclipse;
				INFOPLIST_KEY_LSApplicationCategoryType = "public.app-category.entertainment";
				"INFOPLIST_KEY_UIApplicationSceneManifest_Generation[sdk=iphoneos*]" = YES;
				"INFOPLIST_KEY_UIApplicationSceneManifest_Generation[sdk=iphonesimulator*]" = YES;
				"INFOPLIST_KEY_UIApplicationSupportsIndirectInputEvents[sdk=iphoneos*]" = YES;
				"INFOPLIST_KEY_UIApplicationSupportsIndirectInputEvents[sdk=iphonesimulator*]" = YES;
				"INFOPLIST_KEY_UILaunchScreen_Generation[sdk=iphoneos*]" = YES;
				"INFOPLIST_KEY_UILaunchScreen_Generation[sdk=iphonesimulator*]" = YES;
				"INFOPLIST_KEY_UIStatusBarStyle[sdk=iphoneos*]" = UIStatusBarStyleDefault;
				"INFOPLIST_KEY_UIStatusBarStyle[sdk=iphonesimulator*]" = UIStatusBarStyleDefault;
				INFOPLIST_KEY_UISupportedInterfaceOrientations_iPad = "UIInterfaceOrientationPortrait UIInterfaceOrientationPortraitUpsideDown UIInterfaceOrientationLandscapeLeft UIInterfaceOrientationLandscapeRight";
				INFOPLIST_KEY_UISupportedInterfaceOrientations_iPhone = "UIInterfaceOrientationPortrait UIInterfaceOrientationLandscapeLeft UIInterfaceOrientationLandscapeRight";
				IPHONEOS_DEPLOYMENT_TARGET = 15.0;
				LD_RUNPATH_SEARCH_PATHS = "@executable_path/Frameworks";
				"LD_RUNPATH_SEARCH_PATHS[sdk=macosx*]" = "@executable_path/../Frameworks";
				MACOSX_DEPLOYMENT_TARGET = 13.0;
				MARKETING_VERSION = 1.0.0;
				OTHER_SWIFT_FLAGS = "";
				PRODUCT_BUNDLE_IDENTIFIER = dev.magnetar.EclipseEmu;
				PRODUCT_NAME = "$(TARGET_NAME)";
				SDKROOT = auto;
				SUPPORTED_PLATFORMS = "iphoneos iphonesimulator macosx";
				SWIFT_EMIT_LOC_STRINGS = YES;
				SWIFT_OBJC_BRIDGING_HEADER = "EclipseEmu/EclipseEmu-Bridging-Header.h";
				SWIFT_OBJC_INTEROP_MODE = objc;
				SWIFT_VERSION = 5.0;
				TARGETED_DEVICE_FAMILY = "1,2";
			};
			name = Release;
		};
		922F00CF2BC0C26700B419D7 /* Debug */ = {
			isa = XCBuildConfiguration;
			buildSettings = {
				ALWAYS_EMBED_SWIFT_STANDARD_LIBRARIES = YES;
				BUNDLE_LOADER = "$(TEST_HOST)";
				CODE_SIGN_STYLE = Automatic;
				CURRENT_PROJECT_VERSION = 1;
				DEAD_CODE_STRIPPING = YES;
				DEVELOPMENT_TEAM = F7F5H2QUCJ;
				GENERATE_INFOPLIST_FILE = YES;
				IPHONEOS_DEPLOYMENT_TARGET = 17.2;
				MACOSX_DEPLOYMENT_TARGET = 14.2;
				MARKETING_VERSION = 1.0;
				PRODUCT_BUNDLE_IDENTIFIER = dev.magnetar.EclipseEmuTests;
				PRODUCT_NAME = "$(TARGET_NAME)";
				SDKROOT = auto;
				SUPPORTED_PLATFORMS = "iphoneos iphonesimulator macosx";
				SWIFT_EMIT_LOC_STRINGS = NO;
				SWIFT_VERSION = 5.0;
				TARGETED_DEVICE_FAMILY = "1,2";
				TEST_HOST = "$(BUILT_PRODUCTS_DIR)/EclipseEmu.app/$(BUNDLE_EXECUTABLE_FOLDER_PATH)/EclipseEmu";
			};
			name = Debug;
		};
		922F00D02BC0C26700B419D7 /* Release */ = {
			isa = XCBuildConfiguration;
			buildSettings = {
				ALWAYS_EMBED_SWIFT_STANDARD_LIBRARIES = YES;
				BUNDLE_LOADER = "$(TEST_HOST)";
				CODE_SIGN_STYLE = Automatic;
				CURRENT_PROJECT_VERSION = 1;
				DEAD_CODE_STRIPPING = YES;
				DEVELOPMENT_TEAM = F7F5H2QUCJ;
				GENERATE_INFOPLIST_FILE = YES;
				IPHONEOS_DEPLOYMENT_TARGET = 17.2;
				MACOSX_DEPLOYMENT_TARGET = 14.2;
				MARKETING_VERSION = 1.0;
				PRODUCT_BUNDLE_IDENTIFIER = dev.magnetar.EclipseEmuTests;
				PRODUCT_NAME = "$(TARGET_NAME)";
				SDKROOT = auto;
				SUPPORTED_PLATFORMS = "iphoneos iphonesimulator macosx";
				SWIFT_EMIT_LOC_STRINGS = NO;
				SWIFT_VERSION = 5.0;
				TARGETED_DEVICE_FAMILY = "1,2";
				TEST_HOST = "$(BUILT_PRODUCTS_DIR)/EclipseEmu.app/$(BUNDLE_EXECUTABLE_FOLDER_PATH)/EclipseEmu";
			};
			name = Release;
		};
		922F00D22BC0C26700B419D7 /* Debug */ = {
			isa = XCBuildConfiguration;
			buildSettings = {
				ALWAYS_EMBED_SWIFT_STANDARD_LIBRARIES = YES;
				CODE_SIGN_STYLE = Automatic;
				CURRENT_PROJECT_VERSION = 1;
				DEAD_CODE_STRIPPING = YES;
				DEVELOPMENT_TEAM = F7F5H2QUCJ;
				GENERATE_INFOPLIST_FILE = YES;
				IPHONEOS_DEPLOYMENT_TARGET = 17.2;
				MACOSX_DEPLOYMENT_TARGET = 14.2;
				MARKETING_VERSION = 1.0;
				PRODUCT_BUNDLE_IDENTIFIER = dev.magnetar.EclipseEmuUITests;
				PRODUCT_NAME = "$(TARGET_NAME)";
				SDKROOT = auto;
				SUPPORTED_PLATFORMS = "iphoneos iphonesimulator macosx";
				SWIFT_EMIT_LOC_STRINGS = NO;
				SWIFT_VERSION = 5.0;
				TARGETED_DEVICE_FAMILY = "1,2";
				TEST_TARGET_NAME = EclipseEmu;
			};
			name = Debug;
		};
		922F00D32BC0C26700B419D7 /* Release */ = {
			isa = XCBuildConfiguration;
			buildSettings = {
				ALWAYS_EMBED_SWIFT_STANDARD_LIBRARIES = YES;
				CODE_SIGN_STYLE = Automatic;
				CURRENT_PROJECT_VERSION = 1;
				DEAD_CODE_STRIPPING = YES;
				DEVELOPMENT_TEAM = F7F5H2QUCJ;
				GENERATE_INFOPLIST_FILE = YES;
				IPHONEOS_DEPLOYMENT_TARGET = 17.2;
				MACOSX_DEPLOYMENT_TARGET = 14.2;
				MARKETING_VERSION = 1.0;
				PRODUCT_BUNDLE_IDENTIFIER = dev.magnetar.EclipseEmuUITests;
				PRODUCT_NAME = "$(TARGET_NAME)";
				SDKROOT = auto;
				SUPPORTED_PLATFORMS = "iphoneos iphonesimulator macosx";
				SWIFT_EMIT_LOC_STRINGS = NO;
				SWIFT_VERSION = 5.0;
				TARGETED_DEVICE_FAMILY = "1,2";
				TEST_TARGET_NAME = EclipseEmu;
			};
			name = Release;
		};
/* End XCBuildConfiguration section */

/* Begin XCConfigurationList section */
		922F009C2BC0C26600B419D7 /* Build configuration list for PBXProject "EclipseEmu" */ = {
			isa = XCConfigurationList;
			buildConfigurations = (
				922F00C92BC0C26700B419D7 /* Debug */,
				922F00CA2BC0C26700B419D7 /* Release */,
			);
			defaultConfigurationIsVisible = 0;
			defaultConfigurationName = Release;
		};
		922F00CB2BC0C26700B419D7 /* Build configuration list for PBXNativeTarget "EclipseEmu" */ = {
			isa = XCConfigurationList;
			buildConfigurations = (
				922F00CC2BC0C26700B419D7 /* Debug */,
				922F00CD2BC0C26700B419D7 /* Release */,
			);
			defaultConfigurationIsVisible = 0;
			defaultConfigurationName = Release;
		};
		922F00CE2BC0C26700B419D7 /* Build configuration list for PBXNativeTarget "EclipseEmuTests" */ = {
			isa = XCConfigurationList;
			buildConfigurations = (
				922F00CF2BC0C26700B419D7 /* Debug */,
				922F00D02BC0C26700B419D7 /* Release */,
			);
			defaultConfigurationIsVisible = 0;
			defaultConfigurationName = Release;
		};
		922F00D12BC0C26700B419D7 /* Build configuration list for PBXNativeTarget "EclipseEmuUITests" */ = {
			isa = XCConfigurationList;
			buildConfigurations = (
				922F00D22BC0C26700B419D7 /* Debug */,
				922F00D32BC0C26700B419D7 /* Release */,
			);
			defaultConfigurationIsVisible = 0;
			defaultConfigurationName = Release;
		};
/* End XCConfigurationList section */

/* Begin XCRemoteSwiftPackageReference section */
		924B218A2BE8156700ED02F4 /* XCRemoteSwiftPackageReference "swift-atomics" */ = {
			isa = XCRemoteSwiftPackageReference;
			repositoryURL = "https://github.com/apple/swift-atomics.git";
			requirement = {
				kind = upToNextMajorVersion;
				minimumVersion = 1.2.0;
			};
		};
		92A5F62D2BF2BA7D00DCC338 /* XCRemoteSwiftPackageReference "eclipsekit" */ = {
			isa = XCRemoteSwiftPackageReference;
			repositoryURL = "https://github.com/eclipseemu/eclipsekit.git";
			requirement = {
				branch = main;
				kind = branch;
			};
		};
		92A5F6302BF2BA8F00DCC338 /* XCRemoteSwiftPackageReference "core-mgba" */ = {
			isa = XCRemoteSwiftPackageReference;
			repositoryURL = "https://github.com/eclipseemu/core-mgba.git";
			requirement = {
				branch = main;
				kind = branch;
			};
		};
/* End XCRemoteSwiftPackageReference section */

/* Begin XCSwiftPackageProductDependency section */
		924B218B2BE8156700ED02F4 /* Atomics */ = {
			isa = XCSwiftPackageProductDependency;
			package = 924B218A2BE8156700ED02F4 /* XCRemoteSwiftPackageReference "swift-atomics" */;
			productName = Atomics;
		};
		924B218E2BE96A4D00ED02F4 /* mGBAEclipseCore */ = {
			isa = XCSwiftPackageProductDependency;
			productName = mGBAEclipseCore;
		};
		92A5F6262BF1DDCF00DCC338 /* mGBAEclipseCore */ = {
			isa = XCSwiftPackageProductDependency;
			productName = mGBAEclipseCore;
		};
		92A5F6292BF2600300DCC338 /* EclipseKit */ = {
			isa = XCSwiftPackageProductDependency;
			productName = EclipseKit;
		};
		92A5F62E2BF2BA7D00DCC338 /* EclipseKit */ = {
			isa = XCSwiftPackageProductDependency;
			package = 92A5F62D2BF2BA7D00DCC338 /* XCRemoteSwiftPackageReference "eclipsekit" */;
			productName = EclipseKit;
		};
		92A5F6312BF2BA8F00DCC338 /* mGBAEclipseCore */ = {
			isa = XCSwiftPackageProductDependency;
			package = 92A5F6302BF2BA8F00DCC338 /* XCRemoteSwiftPackageReference "core-mgba" */;
			productName = mGBAEclipseCore;
		};
/* End XCSwiftPackageProductDependency section */

/* Begin XCVersionGroup section */
		922F00A82BC0C26600B419D7 /* EclipseEmu.xcdatamodeld */ = {
			isa = XCVersionGroup;
			children = (
				922F00A92BC0C26600B419D7 /* EclipseEmu.xcdatamodel */,
			);
			currentVersion = 922F00A92BC0C26600B419D7 /* EclipseEmu.xcdatamodel */;
			path = EclipseEmu.xcdatamodeld;
			sourceTree = "<group>";
			versionGroupType = wrapper.xcdatamodel;
		};
/* End XCVersionGroup section */
	};
	rootObject = 922F00992BC0C26600B419D7 /* Project object */;
}
