// !$*UTF8*$!
{
	archiveVersion = 1;
	classes = {
	};
	objectVersion = 70;
	objects = {

/* Begin PBXBuildFile section */
		920E993E2DB8157F00124A2A /* Localizable.xcstrings in Resources */ = {isa = PBXBuildFile; fileRef = 920E993D2DB8157F00124A2A /* Localizable.xcstrings */; };
		922593402E2C3450001CBBCD /* Eclipse.icon in Resources */ = {isa = PBXBuildFile; fileRef = 9225933F2E2C3450001CBBCD /* Eclipse.icon */; };
		922F00BC2BC0C26700B419D7 /* EclipseEmuTests.swift in Sources */ = {isa = PBXBuildFile; fileRef = 922F00BB2BC0C26700B419D7 /* EclipseEmuTests.swift */; };
		922F00C62BC0C26700B419D7 /* EclipseEmuUITests.swift in Sources */ = {isa = PBXBuildFile; fileRef = 922F00C52BC0C26700B419D7 /* EclipseEmuUITests.swift */; };
		922F00C82BC0C26700B419D7 /* EclipseEmuUITestsLaunchTests.swift in Sources */ = {isa = PBXBuildFile; fileRef = 922F00C72BC0C26700B419D7 /* EclipseEmuUITestsLaunchTests.swift */; };
		92404F0D2D8CA43400A22A8A /* openvgdb-min.sqlite in Resources */ = {isa = PBXBuildFile; fileRef = 92404F0C2D8CA43400A22A8A /* openvgdb-min.sqlite */; };
		924B218C2BE8156700ED02F4 /* Atomics in Frameworks */ = {isa = PBXBuildFile; productRef = 924B218B2BE8156700ED02F4 /* Atomics */; };
		9268FE592E1B659B00EFF538 /* mGBAEclipseCore in Frameworks */ = {isa = PBXBuildFile; productRef = 9268FE582E1B659B00EFF538 /* mGBAEclipseCore */; };
		928D33532E3AE30E0005AFB0 /* mGBAEclipseCore in Frameworks */ = {isa = PBXBuildFile; productRef = 928D33522E3AE30E0005AFB0 /* mGBAEclipseCore */; };
		92A5F62A2BF2600300DCC338 /* EclipseKit in Frameworks */ = {isa = PBXBuildFile; productRef = 92A5F6292BF2600300DCC338 /* EclipseKit */; };
		92A5F62F2BF2BA7D00DCC338 /* EclipseKit in Frameworks */ = {isa = PBXBuildFile; productRef = 92A5F62E2BF2BA7D00DCC338 /* EclipseKit */; };
/* End PBXBuildFile section */

/* Begin PBXContainerItemProxy section */
		922F00B82BC0C26700B419D7 /* PBXContainerItemProxy */ = {
			isa = PBXContainerItemProxy;
			containerPortal = 922F00992BC0C26600B419D7 /* Project object */;
			proxyType = 1;
			remoteGlobalIDString = 922F00A02BC0C26600B419D7;
			remoteInfo = EclipseEmu;
		};
		922F00C22BC0C26700B419D7 /* PBXContainerItemProxy */ = {
			isa = PBXContainerItemProxy;
			containerPortal = 922F00992BC0C26600B419D7 /* Project object */;
			proxyType = 1;
			remoteGlobalIDString = 922F00A02BC0C26600B419D7;
			remoteInfo = EclipseEmu;
		};
/* End PBXContainerItemProxy section */

/* Begin PBXCopyFilesBuildPhase section */
		92C11CCF2BD7067100BB11A2 /* Embed Frameworks */ = {
			isa = PBXCopyFilesBuildPhase;
			buildActionMask = 2147483647;
			dstPath = "";
			dstSubfolderSpec = 10;
			files = (
			);
			name = "Embed Frameworks";
			runOnlyForDeploymentPostprocessing = 0;
		};
/* End PBXCopyFilesBuildPhase section */

/* Begin PBXFileReference section */
		920E993D2DB8157F00124A2A /* Localizable.xcstrings */ = {isa = PBXFileReference; lastKnownFileType = text.json.xcstrings; path = Localizable.xcstrings; sourceTree = "<group>"; };
		9225933F2E2C3450001CBBCD /* Eclipse.icon */ = {isa = PBXFileReference; lastKnownFileType = folder.iconcomposer.icon; path = Eclipse.icon; sourceTree = "<group>"; };
		922F00A12BC0C26600B419D7 /* Eclipse.app */ = {isa = PBXFileReference; explicitFileType = wrapper.application; includeInIndex = 0; path = Eclipse.app; sourceTree = BUILT_PRODUCTS_DIR; };
		922F00B72BC0C26700B419D7 /* EclipseEmuTests.xctest */ = {isa = PBXFileReference; explicitFileType = wrapper.cfbundle; includeInIndex = 0; path = EclipseEmuTests.xctest; sourceTree = BUILT_PRODUCTS_DIR; };
		922F00BB2BC0C26700B419D7 /* EclipseEmuTests.swift */ = {isa = PBXFileReference; lastKnownFileType = sourcecode.swift; path = EclipseEmuTests.swift; sourceTree = "<group>"; };
		922F00C12BC0C26700B419D7 /* EclipseEmuUITests.xctest */ = {isa = PBXFileReference; explicitFileType = wrapper.cfbundle; includeInIndex = 0; path = EclipseEmuUITests.xctest; sourceTree = BUILT_PRODUCTS_DIR; };
		922F00C52BC0C26700B419D7 /* EclipseEmuUITests.swift */ = {isa = PBXFileReference; lastKnownFileType = sourcecode.swift; path = EclipseEmuUITests.swift; sourceTree = "<group>"; };
		922F00C72BC0C26700B419D7 /* EclipseEmuUITestsLaunchTests.swift */ = {isa = PBXFileReference; lastKnownFileType = sourcecode.swift; path = EclipseEmuUITestsLaunchTests.swift; sourceTree = "<group>"; };
		92404F0C2D8CA43400A22A8A /* openvgdb-min.sqlite */ = {isa = PBXFileReference; lastKnownFileType = file; path = "openvgdb-min.sqlite"; sourceTree = "<group>"; };
		928237052BCB540C001E27B3 /* README.md */ = {isa = PBXFileReference; lastKnownFileType = net.daringfireball.markdown; path = README.md; sourceTree = "<group>"; };
/* End PBXFileReference section */

/* Begin PBXFileSystemSynchronizedBuildFileExceptionSet section */
		927A27532D6A7F93004218D2 /* PBXFileSystemSynchronizedBuildFileExceptionSet */ = {
			isa = PBXFileSystemSynchronizedBuildFileExceptionSet;
			membershipExceptions = (
				Info.plist,
			);
			target = 922F00A02BC0C26600B419D7 /* EclipseEmu */;
		};
/* End PBXFileSystemSynchronizedBuildFileExceptionSet section */

/* Begin PBXFileSystemSynchronizedRootGroup section */
		927A26E02D6A7F93004218D2 /* EclipseEmu */ = {isa = PBXFileSystemSynchronizedRootGroup; exceptions = (927A27532D6A7F93004218D2 /* PBXFileSystemSynchronizedBuildFileExceptionSet */, ); explicitFileTypes = {}; explicitFolders = (); path = EclipseEmu; sourceTree = "<group>"; };
/* End PBXFileSystemSynchronizedRootGroup section */

/* Begin PBXFrameworksBuildPhase section */
		922F009E2BC0C26600B419D7 /* Frameworks */ = {
			isa = PBXFrameworksBuildPhase;
			buildActionMask = 2147483647;
			files = (
				928D33532E3AE30E0005AFB0 /* mGBAEclipseCore in Frameworks */,
				9268FE592E1B659B00EFF538 /* mGBAEclipseCore in Frameworks */,
				924B218C2BE8156700ED02F4 /* Atomics in Frameworks */,
				92A5F62A2BF2600300DCC338 /* EclipseKit in Frameworks */,
				92A5F62F2BF2BA7D00DCC338 /* EclipseKit in Frameworks */,
			);
			runOnlyForDeploymentPostprocessing = 0;
		};
		922F00B42BC0C26700B419D7 /* Frameworks */ = {
			isa = PBXFrameworksBuildPhase;
			buildActionMask = 2147483647;
			files = (
			);
			runOnlyForDeploymentPostprocessing = 0;
		};
		922F00BE2BC0C26700B419D7 /* Frameworks */ = {
			isa = PBXFrameworksBuildPhase;
			buildActionMask = 2147483647;
			files = (
			);
			runOnlyForDeploymentPostprocessing = 0;
		};
/* End PBXFrameworksBuildPhase section */

/* Begin PBXGroup section */
		9227F53E2BCB490700A29074 /* Frameworks */ = {
			isa = PBXGroup;
			children = (
			);
			name = Frameworks;
			sourceTree = "<group>";
		};
		922F00982BC0C26600B419D7 = {
			isa = PBXGroup;
			children = (
				928237052BCB540C001E27B3 /* README.md */,
				92404F0C2D8CA43400A22A8A /* openvgdb-min.sqlite */,
				927A26E02D6A7F93004218D2 /* EclipseEmu */,
				922F00BA2BC0C26700B419D7 /* EclipseEmuTests */,
				922F00C42BC0C26700B419D7 /* EclipseEmuUITests */,
				922F00A22BC0C26600B419D7 /* Products */,
				9227F53E2BCB490700A29074 /* Frameworks */,
				920E993D2DB8157F00124A2A /* Localizable.xcstrings */,
				9225933F2E2C3450001CBBCD /* Eclipse.icon */,
			);
			sourceTree = "<group>";
		};
		922F00A22BC0C26600B419D7 /* Products */ = {
			isa = PBXGroup;
			children = (
				922F00A12BC0C26600B419D7 /* Eclipse.app */,
				922F00B72BC0C26700B419D7 /* EclipseEmuTests.xctest */,
				922F00C12BC0C26700B419D7 /* EclipseEmuUITests.xctest */,
			);
			name = Products;
			sourceTree = "<group>";
		};
		922F00BA2BC0C26700B419D7 /* EclipseEmuTests */ = {
			isa = PBXGroup;
			children = (
				922F00BB2BC0C26700B419D7 /* EclipseEmuTests.swift */,
			);
			path = EclipseEmuTests;
			sourceTree = "<group>";
		};
		922F00C42BC0C26700B419D7 /* EclipseEmuUITests */ = {
			isa = PBXGroup;
			children = (
				922F00C52BC0C26700B419D7 /* EclipseEmuUITests.swift */,
				922F00C72BC0C26700B419D7 /* EclipseEmuUITestsLaunchTests.swift */,
			);
			path = EclipseEmuUITests;
			sourceTree = "<group>";
		};
/* End PBXGroup section */

/* Begin PBXNativeTarget section */
		922F00A02BC0C26600B419D7 /* EclipseEmu */ = {
			isa = PBXNativeTarget;
			buildConfigurationList = 922F00CB2BC0C26700B419D7 /* Build configuration list for PBXNativeTarget "EclipseEmu" */;
			buildPhases = (
				922F009D2BC0C26600B419D7 /* Sources */,
				922F009E2BC0C26600B419D7 /* Frameworks */,
				922F009F2BC0C26600B419D7 /* Resources */,
				92C11CCF2BD7067100BB11A2 /* Embed Frameworks */,
			);
			buildRules = (
			);
			dependencies = (
			);
			fileSystemSynchronizedGroups = (
				927A26E02D6A7F93004218D2 /* EclipseEmu */,
			);
			name = EclipseEmu;
			packageProductDependencies = (
				924B218B2BE8156700ED02F4 /* Atomics */,
				92A5F6292BF2600300DCC338 /* EclipseKit */,
				92A5F62E2BF2BA7D00DCC338 /* EclipseKit */,
				9268FE582E1B659B00EFF538 /* mGBAEclipseCore */,
				928D33522E3AE30E0005AFB0 /* mGBAEclipseCore */,
			);
			productName = EclipseEmu;
			productReference = 922F00A12BC0C26600B419D7 /* Eclipse.app */;
			productType = "com.apple.product-type.application";
		};
		922F00B62BC0C26700B419D7 /* EclipseEmuTests */ = {
			isa = PBXNativeTarget;
			buildConfigurationList = 922F00CE2BC0C26700B419D7 /* Build configuration list for PBXNativeTarget "EclipseEmuTests" */;
			buildPhases = (
				922F00B32BC0C26700B419D7 /* Sources */,
				922F00B42BC0C26700B419D7 /* Frameworks */,
				922F00B52BC0C26700B419D7 /* Resources */,
			);
			buildRules = (
			);
			dependencies = (
				922F00B92BC0C26700B419D7 /* PBXTargetDependency */,
			);
			name = EclipseEmuTests;
			productName = EclipseEmuTests;
			productReference = 922F00B72BC0C26700B419D7 /* EclipseEmuTests.xctest */;
			productType = "com.apple.product-type.bundle.unit-test";
		};
		922F00C02BC0C26700B419D7 /* EclipseEmuUITests */ = {
			isa = PBXNativeTarget;
			buildConfigurationList = 922F00D12BC0C26700B419D7 /* Build configuration list for PBXNativeTarget "EclipseEmuUITests" */;
			buildPhases = (
				922F00BD2BC0C26700B419D7 /* Sources */,
				922F00BE2BC0C26700B419D7 /* Frameworks */,
				922F00BF2BC0C26700B419D7 /* Resources */,
			);
			buildRules = (
			);
			dependencies = (
				922F00C32BC0C26700B419D7 /* PBXTargetDependency */,
			);
			name = EclipseEmuUITests;
			productName = EclipseEmuUITests;
			productReference = 922F00C12BC0C26700B419D7 /* EclipseEmuUITests.xctest */;
			productType = "com.apple.product-type.bundle.ui-testing";
		};
/* End PBXNativeTarget section */

/* Begin PBXProject section */
		922F00992BC0C26600B419D7 /* Project object */ = {
			isa = PBXProject;
			attributes = {
				BuildIndependentTargetsInParallel = 1;
				LastSwiftUpdateCheck = 1520;
				LastUpgradeCheck = 2600;
				TargetAttributes = {
					922F00A02BC0C26600B419D7 = {
						CreatedOnToolsVersion = 15.2;
						LastSwiftMigration = 1530;
					};
					922F00B62BC0C26700B419D7 = {
						CreatedOnToolsVersion = 15.2;
						TestTargetID = 922F00A02BC0C26600B419D7;
					};
					922F00C02BC0C26700B419D7 = {
						CreatedOnToolsVersion = 15.2;
						TestTargetID = 922F00A02BC0C26600B419D7;
					};
				};
			};
			buildConfigurationList = 922F009C2BC0C26600B419D7 /* Build configuration list for PBXProject "EclipseEmu" */;
			compatibilityVersion = "Xcode 14.0";
			developmentRegion = en;
			hasScannedForEncodings = 0;
			knownRegions = (
				en,
				Base,
			);
			mainGroup = 922F00982BC0C26600B419D7;
			packageReferences = (
				924B218A2BE8156700ED02F4 /* XCRemoteSwiftPackageReference "swift-atomics" */,
				92A5F62D2BF2BA7D00DCC338 /* XCRemoteSwiftPackageReference "eclipsekit" */,
				928D33512E3AE30E0005AFB0 /* XCRemoteSwiftPackageReference "core-mgba" */,
			);
			productRefGroup = 922F00A22BC0C26600B419D7 /* Products */;
			projectDirPath = "";
			projectRoot = "";
			targets = (
				922F00A02BC0C26600B419D7 /* EclipseEmu */,
				922F00B62BC0C26700B419D7 /* EclipseEmuTests */,
				922F00C02BC0C26700B419D7 /* EclipseEmuUITests */,
			);
		};
/* End PBXProject section */

/* Begin PBXResourcesBuildPhase section */
		922F009F2BC0C26600B419D7 /* Resources */ = {
			isa = PBXResourcesBuildPhase;
			buildActionMask = 2147483647;
			files = (
				922593402E2C3450001CBBCD /* Eclipse.icon in Resources */,
				920E993E2DB8157F00124A2A /* Localizable.xcstrings in Resources */,
				92404F0D2D8CA43400A22A8A /* openvgdb-min.sqlite in Resources */,
			);
			runOnlyForDeploymentPostprocessing = 0;
		};
		922F00B52BC0C26700B419D7 /* Resources */ = {
			isa = PBXResourcesBuildPhase;
			buildActionMask = 2147483647;
			files = (
			);
			runOnlyForDeploymentPostprocessing = 0;
		};
		922F00BF2BC0C26700B419D7 /* Resources */ = {
			isa = PBXResourcesBuildPhase;
			buildActionMask = 2147483647;
			files = (
			);
			runOnlyForDeploymentPostprocessing = 0;
		};
/* End PBXResourcesBuildPhase section */

/* Begin PBXSourcesBuildPhase section */
		922F009D2BC0C26600B419D7 /* Sources */ = {
			isa = PBXSourcesBuildPhase;
			buildActionMask = 2147483647;
			files = (
			);
			runOnlyForDeploymentPostprocessing = 0;
		};
		922F00B32BC0C26700B419D7 /* Sources */ = {
			isa = PBXSourcesBuildPhase;
			buildActionMask = 2147483647;
			files = (
				922F00BC2BC0C26700B419D7 /* EclipseEmuTests.swift in Sources */,
			);
			runOnlyForDeploymentPostprocessing = 0;
		};
		922F00BD2BC0C26700B419D7 /* Sources */ = {
			isa = PBXSourcesBuildPhase;
			buildActionMask = 2147483647;
			files = (
				922F00C82BC0C26700B419D7 /* EclipseEmuUITestsLaunchTests.swift in Sources */,
				922F00C62BC0C26700B419D7 /* EclipseEmuUITests.swift in Sources */,
			);
			runOnlyForDeploymentPostprocessing = 0;
		};
/* End PBXSourcesBuildPhase section */

/* Begin PBXTargetDependency section */
		922F00B92BC0C26700B419D7 /* PBXTargetDependency */ = {
			isa = PBXTargetDependency;
			target = 922F00A02BC0C26600B419D7 /* EclipseEmu */;
			targetProxy = 922F00B82BC0C26700B419D7 /* PBXContainerItemProxy */;
		};
		922F00C32BC0C26700B419D7 /* PBXTargetDependency */ = {
			isa = PBXTargetDependency;
			target = 922F00A02BC0C26600B419D7 /* EclipseEmu */;
			targetProxy = 922F00C22BC0C26700B419D7 /* PBXContainerItemProxy */;
		};
/* End PBXTargetDependency section */

/* Begin XCBuildConfiguration section */
		922F00C92BC0C26700B419D7 /* Debug */ = {
			isa = XCBuildConfiguration;
			buildSettings = {
				ALWAYS_SEARCH_USER_PATHS = NO;
				ASSETCATALOG_COMPILER_GENERATE_SWIFT_ASSET_SYMBOL_EXTENSIONS = YES;
				CLANG_ANALYZER_NONNULL = YES;
				CLANG_ANALYZER_NUMBER_OBJECT_CONVERSION = YES_AGGRESSIVE;
				CLANG_CXX_LANGUAGE_STANDARD = "gnu++20";
				CLANG_ENABLE_MODULES = YES;
				CLANG_ENABLE_OBJC_ARC = YES;
				CLANG_ENABLE_OBJC_WEAK = YES;
				CLANG_WARN_BLOCK_CAPTURE_AUTORELEASING = YES;
				CLANG_WARN_BOOL_CONVERSION = YES;
				CLANG_WARN_COMMA = YES;
				CLANG_WARN_CONSTANT_CONVERSION = YES;
				CLANG_WARN_DEPRECATED_OBJC_IMPLEMENTATIONS = YES;
				CLANG_WARN_DIRECT_OBJC_ISA_USAGE = YES_ERROR;
				CLANG_WARN_DOCUMENTATION_COMMENTS = YES;
				CLANG_WARN_EMPTY_BODY = YES;
				CLANG_WARN_ENUM_CONVERSION = YES;
				CLANG_WARN_INFINITE_RECURSION = YES;
				CLANG_WARN_INT_CONVERSION = YES;
				CLANG_WARN_NON_LITERAL_NULL_CONVERSION = YES;
				CLANG_WARN_OBJC_IMPLICIT_RETAIN_SELF = YES;
				CLANG_WARN_OBJC_LITERAL_CONVERSION = YES;
				CLANG_WARN_OBJC_ROOT_CLASS = YES_ERROR;
				CLANG_WARN_QUOTED_INCLUDE_IN_FRAMEWORK_HEADER = YES;
				CLANG_WARN_RANGE_LOOP_ANALYSIS = YES;
				CLANG_WARN_STRICT_PROTOTYPES = YES;
				CLANG_WARN_SUSPICIOUS_MOVE = YES;
				CLANG_WARN_UNGUARDED_AVAILABILITY = YES_AGGRESSIVE;
				CLANG_WARN_UNREACHABLE_CODE = YES;
				CLANG_WARN__DUPLICATE_METHOD_MATCH = YES;
				COPY_PHASE_STRIP = NO;
				DEAD_CODE_STRIPPING = YES;
				DEBUG_INFORMATION_FORMAT = dwarf;
				DEVELOPMENT_TEAM = F7F5H2QUCJ;
				ENABLE_STRICT_OBJC_MSGSEND = YES;
				ENABLE_TESTABILITY = YES;
				ENABLE_USER_SCRIPT_SANDBOXING = YES;
				GCC_C_LANGUAGE_STANDARD = gnu17;
				GCC_DYNAMIC_NO_PIC = NO;
				GCC_NO_COMMON_BLOCKS = YES;
				GCC_OPTIMIZATION_LEVEL = 0;
				GCC_PREPROCESSOR_DEFINITIONS = (
					"DEBUG=1",
					"$(inherited)",
				);
				GCC_WARN_64_TO_32_BIT_CONVERSION = YES;
				GCC_WARN_ABOUT_RETURN_TYPE = YES_ERROR;
				GCC_WARN_UNDECLARED_SELECTOR = YES;
				GCC_WARN_UNINITIALIZED_AUTOS = YES_AGGRESSIVE;
				GCC_WARN_UNUSED_FUNCTION = YES;
				GCC_WARN_UNUSED_VARIABLE = YES;
				LOCALIZATION_PREFERS_STRING_CATALOGS = YES;
				MTL_ENABLE_DEBUG_INFO = INCLUDE_SOURCE;
				MTL_FAST_MATH = YES;
				ONLY_ACTIVE_ARCH = YES;
				STRING_CATALOG_GENERATE_SYMBOLS = YES;
				SWIFT_ACTIVE_COMPILATION_CONDITIONS = "DEBUG $(inherited)";
				SWIFT_EMIT_LOC_STRINGS = YES;
				SWIFT_OPTIMIZATION_LEVEL = "-Onone";
			};
			name = Debug;
		};
		922F00CA2BC0C26700B419D7 /* Release */ = {
			isa = XCBuildConfiguration;
			buildSettings = {
				ALWAYS_SEARCH_USER_PATHS = NO;
				ASSETCATALOG_COMPILER_GENERATE_SWIFT_ASSET_SYMBOL_EXTENSIONS = YES;
				CLANG_ANALYZER_NONNULL = YES;
				CLANG_ANALYZER_NUMBER_OBJECT_CONVERSION = YES_AGGRESSIVE;
				CLANG_CXX_LANGUAGE_STANDARD = "gnu++20";
				CLANG_ENABLE_MODULES = YES;
				CLANG_ENABLE_OBJC_ARC = YES;
				CLANG_ENABLE_OBJC_WEAK = YES;
				CLANG_WARN_BLOCK_CAPTURE_AUTORELEASING = YES;
				CLANG_WARN_BOOL_CONVERSION = YES;
				CLANG_WARN_COMMA = YES;
				CLANG_WARN_CONSTANT_CONVERSION = YES;
				CLANG_WARN_DEPRECATED_OBJC_IMPLEMENTATIONS = YES;
				CLANG_WARN_DIRECT_OBJC_ISA_USAGE = YES_ERROR;
				CLANG_WARN_DOCUMENTATION_COMMENTS = YES;
				CLANG_WARN_EMPTY_BODY = YES;
				CLANG_WARN_ENUM_CONVERSION = YES;
				CLANG_WARN_INFINITE_RECURSION = YES;
				CLANG_WARN_INT_CONVERSION = YES;
				CLANG_WARN_NON_LITERAL_NULL_CONVERSION = YES;
				CLANG_WARN_OBJC_IMPLICIT_RETAIN_SELF = YES;
				CLANG_WARN_OBJC_LITERAL_CONVERSION = YES;
				CLANG_WARN_OBJC_ROOT_CLASS = YES_ERROR;
				CLANG_WARN_QUOTED_INCLUDE_IN_FRAMEWORK_HEADER = YES;
				CLANG_WARN_RANGE_LOOP_ANALYSIS = YES;
				CLANG_WARN_STRICT_PROTOTYPES = YES;
				CLANG_WARN_SUSPICIOUS_MOVE = YES;
				CLANG_WARN_UNGUARDED_AVAILABILITY = YES_AGGRESSIVE;
				CLANG_WARN_UNREACHABLE_CODE = YES;
				CLANG_WARN__DUPLICATE_METHOD_MATCH = YES;
				COPY_PHASE_STRIP = NO;
				DEAD_CODE_STRIPPING = YES;
				DEBUG_INFORMATION_FORMAT = "dwarf-with-dsym";
				DEVELOPMENT_TEAM = F7F5H2QUCJ;
				ENABLE_NS_ASSERTIONS = NO;
				ENABLE_STRICT_OBJC_MSGSEND = YES;
				ENABLE_USER_SCRIPT_SANDBOXING = YES;
				GCC_C_LANGUAGE_STANDARD = gnu17;
				GCC_NO_COMMON_BLOCKS = YES;
				GCC_WARN_64_TO_32_BIT_CONVERSION = YES;
				GCC_WARN_ABOUT_RETURN_TYPE = YES_ERROR;
				GCC_WARN_UNDECLARED_SELECTOR = YES;
				GCC_WARN_UNINITIALIZED_AUTOS = YES_AGGRESSIVE;
				GCC_WARN_UNUSED_FUNCTION = YES;
				GCC_WARN_UNUSED_VARIABLE = YES;
				LOCALIZATION_PREFERS_STRING_CATALOGS = YES;
				MTL_ENABLE_DEBUG_INFO = NO;
				MTL_FAST_MATH = YES;
				STRING_CATALOG_GENERATE_SYMBOLS = YES;
				SWIFT_COMPILATION_MODE = wholemodule;
				SWIFT_EMIT_LOC_STRINGS = YES;
			};
			name = Release;
		};
		922F00CC2BC0C26700B419D7 /* Debug */ = {
			isa = XCBuildConfiguration;
			buildSettings = {
				ASSETCATALOG_COMPILER_APPICON_NAME = Eclipse;
				ASSETCATALOG_COMPILER_GLOBAL_ACCENT_COLOR_NAME = AccentColor;
				ASSETCATALOG_COMPILER_INCLUDE_ALL_APPICON_ASSETS = YES;
				CLANG_ENABLE_MODULES = YES;
				CODE_SIGN_ENTITLEMENTS = EclipseEmu/EclipseEmu.entitlements;
				CODE_SIGN_STYLE = Automatic;
				CURRENT_PROJECT_VERSION = 1;
				DEAD_CODE_STRIPPING = YES;
				DEVELOPMENT_ASSET_PATHS = "\"EclipseEmu/Preview Content\"";
				ENABLE_APP_SANDBOX = YES;
				ENABLE_HARDENED_RUNTIME = YES;
				ENABLE_OUTGOING_NETWORK_CONNECTIONS = YES;
				ENABLE_PREVIEWS = YES;
				ENABLE_USER_SELECTED_FILES = readonly;
				GENERATE_INFOPLIST_FILE = YES;
				INFOPLIST_FILE = EclipseEmu/Info.plist;
				INFOPLIST_KEY_CFBundleDisplayName = Eclipse;
				INFOPLIST_KEY_GCSupportsControllerUserInteraction = YES;
				INFOPLIST_KEY_LSApplicationCategoryType = "public.app-category.games";
				INFOPLIST_KEY_LSSupportsOpeningDocumentsInPlace = YES;
				"INFOPLIST_KEY_UIApplicationSceneManifest_Generation[sdk=iphoneos*]" = YES;
				"INFOPLIST_KEY_UIApplicationSceneManifest_Generation[sdk=iphonesimulator*]" = YES;
				"INFOPLIST_KEY_UIApplicationSupportsIndirectInputEvents[sdk=iphoneos*]" = YES;
				"INFOPLIST_KEY_UIApplicationSupportsIndirectInputEvents[sdk=iphonesimulator*]" = YES;
				"INFOPLIST_KEY_UILaunchScreen_Generation[sdk=iphoneos*]" = YES;
				"INFOPLIST_KEY_UILaunchScreen_Generation[sdk=iphonesimulator*]" = YES;
				"INFOPLIST_KEY_UIStatusBarStyle[sdk=iphoneos*]" = UIStatusBarStyleDefault;
				"INFOPLIST_KEY_UIStatusBarStyle[sdk=iphonesimulator*]" = UIStatusBarStyleDefault;
				INFOPLIST_KEY_UISupportedInterfaceOrientations_iPad = "UIInterfaceOrientationPortrait UIInterfaceOrientationPortraitUpsideDown UIInterfaceOrientationLandscapeLeft UIInterfaceOrientationLandscapeRight";
				INFOPLIST_KEY_UISupportedInterfaceOrientations_iPhone = "UIInterfaceOrientationPortrait UIInterfaceOrientationLandscapeLeft UIInterfaceOrientationLandscapeRight";
				IPHONEOS_DEPLOYMENT_TARGET = 16.0;
				LD_RUNPATH_SEARCH_PATHS = "@executable_path/Frameworks";
				"LD_RUNPATH_SEARCH_PATHS[sdk=macosx*]" = "@executable_path/../Frameworks";
				MACOSX_DEPLOYMENT_TARGET = 14.0;
				MARKETING_VERSION = 1.0.0;
				OTHER_SWIFT_FLAGS = "";
				PRODUCT_BUNDLE_IDENTIFIER = dev.magnetar.EclipseEmu;
				PRODUCT_NAME = Eclipse;
				SDKROOT = auto;
				SUPPORTED_PLATFORMS = "iphoneos iphonesimulator macosx";
				SWIFT_EMIT_LOC_STRINGS = YES;
				SWIFT_OBJC_BRIDGING_HEADER = "EclipseEmu/EclipseEmu-Bridging-Header.h";
				SWIFT_OBJC_INTEROP_MODE = objc;
				SWIFT_OPTIMIZATION_LEVEL = "-Onone";
				SWIFT_STRICT_CONCURRENCY = complete;
				SWIFT_UPCOMING_FEATURE_GLOBAL_CONCURRENCY = "$(SWIFT_UPCOMING_FEATURE_6_0)";
				SWIFT_VERSION = 6.0;
				TARGETED_DEVICE_FAMILY = "1,2";
			};
			name = Debug;
		};
		922F00CD2BC0C26700B419D7 /* Release */ = {
			isa = XCBuildConfiguration;
			buildSettings = {
				ASSETCATALOG_COMPILER_APPICON_NAME = Eclipse;
				ASSETCATALOG_COMPILER_GLOBAL_ACCENT_COLOR_NAME = AccentColor;
				ASSETCATALOG_COMPILER_INCLUDE_ALL_APPICON_ASSETS = YES;
				CLANG_ENABLE_MODULES = YES;
				CODE_SIGN_ENTITLEMENTS = EclipseEmu/EclipseEmu.entitlements;
				CODE_SIGN_STYLE = Automatic;
				CURRENT_PROJECT_VERSION = 1;
				DEAD_CODE_STRIPPING = YES;
				DEVELOPMENT_ASSET_PATHS = "\"EclipseEmu/Preview Content\"";
				ENABLE_APP_SANDBOX = YES;
				ENABLE_HARDENED_RUNTIME = YES;
				ENABLE_OUTGOING_NETWORK_CONNECTIONS = YES;
				ENABLE_PREVIEWS = YES;
				ENABLE_USER_SELECTED_FILES = readonly;
				GENERATE_INFOPLIST_FILE = YES;
				INFOPLIST_FILE = EclipseEmu/Info.plist;
				INFOPLIST_KEY_CFBundleDisplayName = Eclipse;
				INFOPLIST_KEY_GCSupportsControllerUserInteraction = YES;
				INFOPLIST_KEY_LSApplicationCategoryType = "public.app-category.games";
				INFOPLIST_KEY_LSSupportsOpeningDocumentsInPlace = YES;
				"INFOPLIST_KEY_UIApplicationSceneManifest_Generation[sdk=iphoneos*]" = YES;
				"INFOPLIST_KEY_UIApplicationSceneManifest_Generation[sdk=iphonesimulator*]" = YES;
				"INFOPLIST_KEY_UIApplicationSupportsIndirectInputEvents[sdk=iphoneos*]" = YES;
				"INFOPLIST_KEY_UIApplicationSupportsIndirectInputEvents[sdk=iphonesimulator*]" = YES;
				"INFOPLIST_KEY_UILaunchScreen_Generation[sdk=iphoneos*]" = YES;
				"INFOPLIST_KEY_UILaunchScreen_Generation[sdk=iphonesimulator*]" = YES;
				"INFOPLIST_KEY_UIStatusBarStyle[sdk=iphoneos*]" = UIStatusBarStyleDefault;
				"INFOPLIST_KEY_UIStatusBarStyle[sdk=iphonesimulator*]" = UIStatusBarStyleDefault;
				INFOPLIST_KEY_UISupportedInterfaceOrientations_iPad = "UIInterfaceOrientationPortrait UIInterfaceOrientationPortraitUpsideDown UIInterfaceOrientationLandscapeLeft UIInterfaceOrientationLandscapeRight";
				INFOPLIST_KEY_UISupportedInterfaceOrientations_iPhone = "UIInterfaceOrientationPortrait UIInterfaceOrientationLandscapeLeft UIInterfaceOrientationLandscapeRight";
				IPHONEOS_DEPLOYMENT_TARGET = 16.0;
				LD_RUNPATH_SEARCH_PATHS = "@executable_path/Frameworks";
				"LD_RUNPATH_SEARCH_PATHS[sdk=macosx*]" = "@executable_path/../Frameworks";
				MACOSX_DEPLOYMENT_TARGET = 14.0;
				MARKETING_VERSION = 1.0.0;
				OTHER_SWIFT_FLAGS = "";
				PRODUCT_BUNDLE_IDENTIFIER = dev.magnetar.EclipseEmu;
				PRODUCT_NAME = Eclipse;
				SDKROOT = auto;
				SUPPORTED_PLATFORMS = "iphoneos iphonesimulator macosx";
				SWIFT_EMIT_LOC_STRINGS = YES;
				SWIFT_OBJC_BRIDGING_HEADER = "EclipseEmu/EclipseEmu-Bridging-Header.h";
				SWIFT_OBJC_INTEROP_MODE = objc;
				SWIFT_STRICT_CONCURRENCY = complete;
				SWIFT_UPCOMING_FEATURE_GLOBAL_CONCURRENCY = "$(SWIFT_UPCOMING_FEATURE_6_0)";
				SWIFT_VERSION = 6.0;
				TARGETED_DEVICE_FAMILY = "1,2";
			};
			name = Release;
		};
		922F00CF2BC0C26700B419D7 /* Debug */ = {
			isa = XCBuildConfiguration;
			buildSettings = {
				BUNDLE_LOADER = "$(TEST_HOST)";
				CODE_SIGN_STYLE = Automatic;
				CURRENT_PROJECT_VERSION = 1;
				DEAD_CODE_STRIPPING = YES;
				GENERATE_INFOPLIST_FILE = YES;
				IPHONEOS_DEPLOYMENT_TARGET = 17.2;
				MACOSX_DEPLOYMENT_TARGET = 14.2;
				MARKETING_VERSION = 1.0;
				PRODUCT_BUNDLE_IDENTIFIER = dev.magnetar.EclipseEmuTests;
				PRODUCT_NAME = "$(TARGET_NAME)";
				SDKROOT = auto;
				SUPPORTED_PLATFORMS = "iphoneos iphonesimulator macosx";
				SWIFT_EMIT_LOC_STRINGS = NO;
				SWIFT_VERSION = 5.0;
				TARGETED_DEVICE_FAMILY = "1,2";
				TEST_HOST = "$(BUILT_PRODUCTS_DIR)/EclipseEmu.app/$(BUNDLE_EXECUTABLE_FOLDER_PATH)/EclipseEmu";
			};
			name = Debug;
		};
		922F00D02BC0C26700B419D7 /* Release */ = {
			isa = XCBuildConfiguration;
			buildSettings = {
				BUNDLE_LOADER = "$(TEST_HOST)";
				CODE_SIGN_STYLE = Automatic;
				CURRENT_PROJECT_VERSION = 1;
				DEAD_CODE_STRIPPING = YES;
				GENERATE_INFOPLIST_FILE = YES;
				IPHONEOS_DEPLOYMENT_TARGET = 17.2;
				MACOSX_DEPLOYMENT_TARGET = 14.2;
				MARKETING_VERSION = 1.0;
				PRODUCT_BUNDLE_IDENTIFIER = dev.magnetar.EclipseEmuTests;
				PRODUCT_NAME = "$(TARGET_NAME)";
				SDKROOT = auto;
				SUPPORTED_PLATFORMS = "iphoneos iphonesimulator macosx";
				SWIFT_EMIT_LOC_STRINGS = NO;
				SWIFT_VERSION = 5.0;
				TARGETED_DEVICE_FAMILY = "1,2";
				TEST_HOST = "$(BUILT_PRODUCTS_DIR)/EclipseEmu.app/$(BUNDLE_EXECUTABLE_FOLDER_PATH)/EclipseEmu";
			};
			name = Release;
		};
		922F00D22BC0C26700B419D7 /* Debug */ = {
			isa = XCBuildConfiguration;
			buildSettings = {
				CODE_SIGN_STYLE = Automatic;
				CURRENT_PROJECT_VERSION = 1;
				DEAD_CODE_STRIPPING = YES;
				GENERATE_INFOPLIST_FILE = YES;
				IPHONEOS_DEPLOYMENT_TARGET = 17.2;
				MACOSX_DEPLOYMENT_TARGET = 14.2;
				MARKETING_VERSION = 1.0;
				PRODUCT_BUNDLE_IDENTIFIER = dev.magnetar.EclipseEmuUITests;
				PRODUCT_NAME = "$(TARGET_NAME)";
				SDKROOT = auto;
				SUPPORTED_PLATFORMS = "iphoneos iphonesimulator macosx";
				SWIFT_EMIT_LOC_STRINGS = NO;
				SWIFT_VERSION = 5.0;
				TARGETED_DEVICE_FAMILY = "1,2";
				TEST_TARGET_NAME = EclipseEmu;
			};
			name = Debug;
		};
		922F00D32BC0C26700B419D7 /* Release */ = {
			isa = XCBuildConfiguration;
			buildSettings = {
				CODE_SIGN_STYLE = Automatic;
				CURRENT_PROJECT_VERSION = 1;
				DEAD_CODE_STRIPPING = YES;
				GENERATE_INFOPLIST_FILE = YES;
				IPHONEOS_DEPLOYMENT_TARGET = 17.2;
				MACOSX_DEPLOYMENT_TARGET = 14.2;
				MARKETING_VERSION = 1.0;
				PRODUCT_BUNDLE_IDENTIFIER = dev.magnetar.EclipseEmuUITests;
				PRODUCT_NAME = "$(TARGET_NAME)";
				SDKROOT = auto;
				SUPPORTED_PLATFORMS = "iphoneos iphonesimulator macosx";
				SWIFT_EMIT_LOC_STRINGS = NO;
				SWIFT_VERSION = 5.0;
				TARGETED_DEVICE_FAMILY = "1,2";
				TEST_TARGET_NAME = EclipseEmu;
			};
			name = Release;
		};
/* End XCBuildConfiguration section */

/* Begin XCConfigurationList section */
		922F009C2BC0C26600B419D7 /* Build configuration list for PBXProject "EclipseEmu" */ = {
			isa = XCConfigurationList;
			buildConfigurations = (
				922F00C92BC0C26700B419D7 /* Debug */,
				922F00CA2BC0C26700B419D7 /* Release */,
			);
			defaultConfigurationIsVisible = 0;
			defaultConfigurationName = Release;
		};
		922F00CB2BC0C26700B419D7 /* Build configuration list for PBXNativeTarget "EclipseEmu" */ = {
			isa = XCConfigurationList;
			buildConfigurations = (
				922F00CC2BC0C26700B419D7 /* Debug */,
				922F00CD2BC0C26700B419D7 /* Release */,
			);
			defaultConfigurationIsVisible = 0;
			defaultConfigurationName = Release;
		};
		922F00CE2BC0C26700B419D7 /* Build configuration list for PBXNativeTarget "EclipseEmuTests" */ = {
			isa = XCConfigurationList;
			buildConfigurations = (
				922F00CF2BC0C26700B419D7 /* Debug */,
				922F00D02BC0C26700B419D7 /* Release */,
			);
			defaultConfigurationIsVisible = 0;
			defaultConfigurationName = Release;
		};
		922F00D12BC0C26700B419D7 /* Build configuration list for PBXNativeTarget "EclipseEmuUITests" */ = {
			isa = XCConfigurationList;
			buildConfigurations = (
				922F00D22BC0C26700B419D7 /* Debug */,
				922F00D32BC0C26700B419D7 /* Release */,
			);
			defaultConfigurationIsVisible = 0;
			defaultConfigurationName = Release;
		};
/* End XCConfigurationList section */

/* Begin XCRemoteSwiftPackageReference section */
		924B218A2BE8156700ED02F4 /* XCRemoteSwiftPackageReference "swift-atomics" */ = {
			isa = XCRemoteSwiftPackageReference;
			repositoryURL = "https://github.com/apple/swift-atomics.git";
			requirement = {
				kind = upToNextMajorVersion;
				minimumVersion = 1.2.0;
			};
		};
		928D33512E3AE30E0005AFB0 /* XCRemoteSwiftPackageReference "core-mgba" */ = {
			isa = XCRemoteSwiftPackageReference;
			repositoryURL = "https://github.com/eclipseemu/core-mgba";
			requirement = {
				branch = main;
				kind = branch;
			};
		};
		92A5F62D2BF2BA7D00DCC338 /* XCRemoteSwiftPackageReference "eclipsekit" */ = {
			isa = XCRemoteSwiftPackageReference;
			repositoryURL = "https://github.com/eclipseemu/eclipsekit.git";
			requirement = {
				branch = main;
				kind = branch;
			};
		};
/* End XCRemoteSwiftPackageReference section */

/* Begin XCSwiftPackageProductDependency section */
		924B218B2BE8156700ED02F4 /* Atomics */ = {
			isa = XCSwiftPackageProductDependency;
			package = 924B218A2BE8156700ED02F4 /* XCRemoteSwiftPackageReference "swift-atomics" */;
			productName = Atomics;
		};
		9268FE582E1B659B00EFF538 /* mGBAEclipseCore */ = {
			isa = XCSwiftPackageProductDependency;
			productName = mGBAEclipseCore;
		};
		928D33522E3AE30E0005AFB0 /* mGBAEclipseCore */ = {
			isa = XCSwiftPackageProductDependency;
			package = 928D33512E3AE30E0005AFB0 /* XCRemoteSwiftPackageReference "core-mgba" */;
			productName = mGBAEclipseCore;
		};
		92A5F6292BF2600300DCC338 /* EclipseKit */ = {
			isa = XCSwiftPackageProductDependency;
			productName = EclipseKit;
		};
		92A5F62E2BF2BA7D00DCC338 /* EclipseKit */ = {
			isa = XCSwiftPackageProductDependency;
			package = 92A5F62D2BF2BA7D00DCC338 /* XCRemoteSwiftPackageReference "eclipsekit" */;
			productName = EclipseKit;
		};
/* End XCSwiftPackageProductDependency section */
	};
	rootObject = 922F00992BC0C26600B419D7 /* Project object */;
}
